// !$*UTF8*$!
{
	archiveVersion = 1;
	classes = {
	};
	objectVersion = 56;
	objects = {

/* Begin PBXBuildFile section */
		003803D62AA968E2000BB3B1 /* COMP90018_APPApp.swift in Sources */ = {isa = PBXBuildFile; fileRef = 003803D52AA968E2000BB3B1 /* COMP90018_APPApp.swift */; };
		003803DA2AA968E5000BB3B1 /* Assets.xcassets in Resources */ = {isa = PBXBuildFile; fileRef = 003803D92AA968E5000BB3B1 /* Assets.xcassets */; };
		003803DD2AA968E5000BB3B1 /* Preview Assets.xcassets in Resources */ = {isa = PBXBuildFile; fileRef = 003803DC2AA968E5000BB3B1 /* Preview Assets.xcassets */; };
		2D1890EE2AE5EF2500B63D8F /* Flow in Frameworks */ = {isa = PBXBuildFile; productRef = 2DD0A3072AD6918E009D612D /* Flow */; };
		2D1890EF2AE5EF2500B63D8F /* Renderer in Frameworks */ = {isa = PBXBuildFile; productRef = 2DD0A3092AD6918E009D612D /* Renderer */; };
		2D1890F02AE5EF2500B63D8F /* BSImagePicker in Frameworks */ = {isa = PBXBuildFile; productRef = 2DAC32732ADA3BE800BBE467 /* BSImagePicker */; };
		2D1890F22AE5F50A00B63D8F /* ImagePickerView.swift in Sources */ = {isa = PBXBuildFile; fileRef = 2D1890F12AE5F50A00B63D8F /* ImagePickerView.swift */; };
		2D1890F42AE5F51000B63D8F /* KeyboardUtility.swift in Sources */ = {isa = PBXBuildFile; fileRef = 2D1890F32AE5F51000B63D8F /* KeyboardUtility.swift */; };
		2D5B978C2AE76E49008ED0A5 /* COMP90018-APP-Info.plist in Resources */ = {isa = PBXBuildFile; fileRef = 2D5B978B2AE76E49008ED0A5 /* COMP90018-APP-Info.plist */; };
		2D65DA442AEDFE4600703782 /* PostsMapView.swift in Sources */ = {isa = PBXBuildFile; fileRef = 2D65DA432AEDFE4600703782 /* PostsMapView.swift */; };
		2D65DA4C2AF8B94400703782 /* FooterViewModifier.swift in Sources */ = {isa = PBXBuildFile; fileRef = 2D65DA4B2AF8B94400703782 /* FooterViewModifier.swift */; };
		2D65DA4E2AFB21AF00703782 /* TagPostsView.swift in Sources */ = {isa = PBXBuildFile; fileRef = 2D65DA4D2AFB21AF00703782 /* TagPostsView.swift */; };
		2DB04A5A2AECF41C00270DC5 /* SpeechRecognizerViewModel.swift in Sources */ = {isa = PBXBuildFile; fileRef = 2DB04A592AECF41C00270DC5 /* SpeechRecognizerViewModel.swift */; };
		2DD136F12AFC479100C0FC77 /* SwipeActions in Frameworks */ = {isa = PBXBuildFile; productRef = 2DD136F02AFC479100C0FC77 /* SwipeActions */; };
		2DD346AA2AE913F7001F6A57 /* LocationViewModel.swift in Sources */ = {isa = PBXBuildFile; fileRef = 2DD346A92AE913F7001F6A57 /* LocationViewModel.swift */; };
		2DD346AE2AEBE5E8001F6A57 /* Settings.bundle in Resources */ = {isa = PBXBuildFile; fileRef = 2DD346AD2AEBE5E8001F6A57 /* Settings.bundle */; };
		2DE1A5B72AB2C1A3000A2551 /* WelcomeView.swift in Sources */ = {isa = PBXBuildFile; fileRef = 2DE1A5B62AB2C1A3000A2551 /* WelcomeView.swift */; };
		2DE1A5B92AB2C25D000A2551 /* PostsView.swift in Sources */ = {isa = PBXBuildFile; fileRef = 2DE1A5B82AB2C25D000A2551 /* PostsView.swift */; };
		2DE1A5BB2AB2C26E000A2551 /* ShakeView.swift in Sources */ = {isa = PBXBuildFile; fileRef = 2DE1A5BA2AB2C26E000A2551 /* ShakeView.swift */; };
		2DE1A5BD2AB2C297000A2551 /* SignView.swift in Sources */ = {isa = PBXBuildFile; fileRef = 2DE1A5BC2AB2C297000A2551 /* SignView.swift */; };
		2DE1A5BF2AB2C2D7000A2551 /* ProfileView.swift in Sources */ = {isa = PBXBuildFile; fileRef = 2DE1A5BE2AB2C2D7000A2551 /* ProfileView.swift */; };
		2DE1A5C12AB2C2EE000A2551 /* ProfileSetttingView.swift in Sources */ = {isa = PBXBuildFile; fileRef = 2DE1A5C02AB2C2EE000A2551 /* ProfileSetttingView.swift */; };
		2DE1A5C32AB2C562000A2551 /* SinglePostView.swift in Sources */ = {isa = PBXBuildFile; fileRef = 2DE1A5C22AB2C562000A2551 /* SinglePostView.swift */; };
		2DE1A5C52AB2CA68000A2551 /* TabMainView.swift in Sources */ = {isa = PBXBuildFile; fileRef = 2DE1A5C42AB2CA68000A2551 /* TabMainView.swift */; };
		2DE1A5C72AB2CC0F000A2551 /* AddPostView.swift in Sources */ = {isa = PBXBuildFile; fileRef = 2DE1A5C62AB2CC0F000A2551 /* AddPostView.swift */; };
		474617942AE8EF2B003145A2 /* SinglePostViewModel.swift in Sources */ = {isa = PBXBuildFile; fileRef = 474617932AE8EF2B003145A2 /* SinglePostViewModel.swift */; };
		4787E6EA2AEBE10400025D4A /* PostCard.swift in Sources */ = {isa = PBXBuildFile; fileRef = 4787E6E92AEBE10400025D4A /* PostCard.swift */; };
		4787E6EE2AEBE94C00025D4A /* PostCollection.swift in Sources */ = {isa = PBXBuildFile; fileRef = 4787E6ED2AEBE94C00025D4A /* PostCollection.swift */; };
		4787E6F42AEBEA9E00025D4A /* PostCollectionModel.swift in Sources */ = {isa = PBXBuildFile; fileRef = 4787E6F32AEBEA9E00025D4A /* PostCollectionModel.swift */; };
		4787E6F92AED143100025D4A /* LikeButtonPost.swift in Sources */ = {isa = PBXBuildFile; fileRef = 4787E6F82AED143100025D4A /* LikeButtonPost.swift */; };
		4787E6FB2AED145900025D4A /* LikeButtonComment.swift in Sources */ = {isa = PBXBuildFile; fileRef = 4787E6FA2AED145900025D4A /* LikeButtonComment.swift */; };
		4787E6FD2AED1A8F00025D4A /* DeleteButtonPost.swift in Sources */ = {isa = PBXBuildFile; fileRef = 4787E6FC2AED1A8F00025D4A /* DeleteButtonPost.swift */; };
		47B013472AEE46BB00FD89B6 /* ProfileViewLikedModel.swift in Sources */ = {isa = PBXBuildFile; fileRef = 47B013462AEE46BB00FD89B6 /* ProfileViewLikedModel.swift */; };
		47B013492AEE473C00FD89B6 /* ProfileViewPostsModel.swift in Sources */ = {isa = PBXBuildFile; fileRef = 47B013482AEE473C00FD89B6 /* ProfileViewPostsModel.swift */; };
		47B08A612AED1FDB006F32AF /* DeleteButtonComment.swift in Sources */ = {isa = PBXBuildFile; fileRef = 47B08A602AED1FDB006F32AF /* DeleteButtonComment.swift */; };
		47B08A652AED2DC1006F32AF /* PostPhotoView.swift in Sources */ = {isa = PBXBuildFile; fileRef = 47B08A642AED2DC1006F32AF /* PostPhotoView.swift */; };
		47B08A682AED2F03006F32AF /* SinglePostCommentButton.swift in Sources */ = {isa = PBXBuildFile; fileRef = 47B08A672AED2F03006F32AF /* SinglePostCommentButton.swift */; };
		47B08A6A2AED2F4B006F32AF /* CommentTextField.swift in Sources */ = {isa = PBXBuildFile; fileRef = 47B08A692AED2F4B006F32AF /* CommentTextField.swift */; };
		47B08A6C2AED2F75006F32AF /* CommentSection.swift in Sources */ = {isa = PBXBuildFile; fileRef = 47B08A6B2AED2F75006F32AF /* CommentSection.swift */; };
		47B08A6E2AED2FA0006F32AF /* SingleComment.swift in Sources */ = {isa = PBXBuildFile; fileRef = 47B08A6D2AED2FA0006F32AF /* SingleComment.swift */; };
		47D8C40B2AFA41FD002900AB /* ColorPalette.swift in Sources */ = {isa = PBXBuildFile; fileRef = 47D8C40A2AFA41FD002900AB /* ColorPalette.swift */; };
		A2027C622AB2DDB800BA5391 /* FirebaseAuth in Frameworks */ = {isa = PBXBuildFile; productRef = A2027C612AB2DDB800BA5391 /* FirebaseAuth */; };
		A2027C642AB2DDB800BA5391 /* FirebaseDatabaseSwift in Frameworks */ = {isa = PBXBuildFile; productRef = A2027C632AB2DDB800BA5391 /* FirebaseDatabaseSwift */; };
		A2027C662AB2DDB800BA5391 /* FirebaseFirestore in Frameworks */ = {isa = PBXBuildFile; productRef = A2027C652AB2DDB800BA5391 /* FirebaseFirestore */; };
		A2027C682AB2DDB800BA5391 /* FirebaseStorage in Frameworks */ = {isa = PBXBuildFile; productRef = A2027C672AB2DDB800BA5391 /* FirebaseStorage */; };
		A2027C6B2AB2DDED00BA5391 /* Kingfisher in Frameworks */ = {isa = PBXBuildFile; productRef = A2027C6A2AB2DDED00BA5391 /* Kingfisher */; };
		A2027C962AB2FA4800BA5391 /* FirebaseManager.swift in Sources */ = {isa = PBXBuildFile; fileRef = A2027C952AB2FA4800BA5391 /* FirebaseManager.swift */; };
		A2027C982AB2FE1B00BA5391 /* LocationManager.swift in Sources */ = {isa = PBXBuildFile; fileRef = A2027C972AB2FE1B00BA5391 /* LocationManager.swift */; };
		A2027C9A2AB3014F00BA5391 /* PostModel.swift in Sources */ = {isa = PBXBuildFile; fileRef = A2027C992AB3014F00BA5391 /* PostModel.swift */; };
		A2027C9C2AB304A100BA5391 /* UserModel.swift in Sources */ = {isa = PBXBuildFile; fileRef = A2027C9B2AB304A100BA5391 /* UserModel.swift */; };
		A2027CCD2AB42B6400BA5391 /* CommentModel.swift in Sources */ = {isa = PBXBuildFile; fileRef = A2027CCC2AB42B6400BA5391 /* CommentModel.swift */; };
		A2027CD12AB7035500BA5391 /* AddPostViewModel.swift in Sources */ = {isa = PBXBuildFile; fileRef = A2027CD02AB7035500BA5391 /* AddPostViewModel.swift */; };
		A2027CD32AB7C85300BA5391 /* PostsViewModel.swift in Sources */ = {isa = PBXBuildFile; fileRef = A2027CD22AB7C85300BA5391 /* PostsViewModel.swift */; };
		A2027CD52AB7D36000BA5391 /* ProfileViewModel.swift in Sources */ = {isa = PBXBuildFile; fileRef = A2027CD42AB7D36000BA5391 /* ProfileViewModel.swift */; };
		A20A9FCE2AB7F8D3003833AA /* TagModel.swift in Sources */ = {isa = PBXBuildFile; fileRef = A20A9FCD2AB7F8D3003833AA /* TagModel.swift */; };
		A20A9FD02AB81927003833AA /* UserViewModel.swift in Sources */ = {isa = PBXBuildFile; fileRef = A20A9FCF2AB81927003833AA /* UserViewModel.swift */; };
		A219E3DC2AE510B20082F991 /* ProfileSettingViewModel.swift in Sources */ = {isa = PBXBuildFile; fileRef = A219E3DB2AE510B20082F991 /* ProfileSettingViewModel.swift */; };
		A219E3E22AE51B850082F991 /* GoogleService-Info.plist in Resources */ = {isa = PBXBuildFile; fileRef = A219E3E12AE51B850082F991 /* GoogleService-Info.plist */; };
		A24B6D812AF88B2D00655A7F /* Launch Screen.storyboard in Resources */ = {isa = PBXBuildFile; fileRef = A24B6D802AF88B2D00655A7F /* Launch Screen.storyboard */; };
		A2AC2AF22AF9B85D00A33259 /* UserProfileViewModel.swift in Sources */ = {isa = PBXBuildFile; fileRef = A2AC2AF12AF9B85D00A33259 /* UserProfileViewModel.swift */; };
		A2AC2AF42AF9B87600A33259 /* UserProfileView.swift in Sources */ = {isa = PBXBuildFile; fileRef = A2AC2AF32AF9B87600A33259 /* UserProfileView.swift */; };
		A2AC2AF62AFB5F2600A33259 /* PrivacyManager.swift in Sources */ = {isa = PBXBuildFile; fileRef = A2AC2AF52AFB5F2600A33259 /* PrivacyManager.swift */; };
		A2D4FAE22AEC8B51001326A8 /* MessageModel.swift in Sources */ = {isa = PBXBuildFile; fileRef = A2D4FAE12AEC8B51001326A8 /* MessageModel.swift */; };
		A2D4FAE42AEC8B92001326A8 /* LatestMessage.swift in Sources */ = {isa = PBXBuildFile; fileRef = A2D4FAE32AEC8B92001326A8 /* LatestMessage.swift */; };
		A2D4FAE62AEC8BCA001326A8 /* FirebaseAnalytics in Frameworks */ = {isa = PBXBuildFile; productRef = A2D4FAE52AEC8BCA001326A8 /* FirebaseAnalytics */; };
		A2D4FAE82AEC8BCA001326A8 /* FirebaseAnalyticsOnDeviceConversion in Frameworks */ = {isa = PBXBuildFile; productRef = A2D4FAE72AEC8BCA001326A8 /* FirebaseAnalyticsOnDeviceConversion */; };
		A2D4FAEA2AEC8BCA001326A8 /* FirebaseAnalyticsSwift in Frameworks */ = {isa = PBXBuildFile; productRef = A2D4FAE92AEC8BCA001326A8 /* FirebaseAnalyticsSwift */; };
		A2D4FAEC2AEC8BCA001326A8 /* FirebaseAnalyticsWithoutAdIdSupport in Frameworks */ = {isa = PBXBuildFile; productRef = A2D4FAEB2AEC8BCA001326A8 /* FirebaseAnalyticsWithoutAdIdSupport */; };
		A2D4FAEE2AEC8BCA001326A8 /* FirebaseAppCheck in Frameworks */ = {isa = PBXBuildFile; productRef = A2D4FAED2AEC8BCA001326A8 /* FirebaseAppCheck */; };
		A2D4FAF02AEC8BCA001326A8 /* FirebaseAppDistribution-Beta in Frameworks */ = {isa = PBXBuildFile; productRef = A2D4FAEF2AEC8BCA001326A8 /* FirebaseAppDistribution-Beta */; };
		A2D4FAF22AEC8BCA001326A8 /* FirebaseAuth in Frameworks */ = {isa = PBXBuildFile; productRef = A2D4FAF12AEC8BCA001326A8 /* FirebaseAuth */; };
		A2D4FAF42AEC8BCA001326A8 /* FirebaseAuthCombine-Community in Frameworks */ = {isa = PBXBuildFile; productRef = A2D4FAF32AEC8BCA001326A8 /* FirebaseAuthCombine-Community */; };
		A2D4FAF62AEC8BCA001326A8 /* FirebaseCrashlytics in Frameworks */ = {isa = PBXBuildFile; productRef = A2D4FAF52AEC8BCA001326A8 /* FirebaseCrashlytics */; };
		A2D4FAF82AEC8BCA001326A8 /* FirebaseDatabase in Frameworks */ = {isa = PBXBuildFile; productRef = A2D4FAF72AEC8BCA001326A8 /* FirebaseDatabase */; };
		A2D4FAFA2AEC8BE7001326A8 /* FirebaseAnalytics in Frameworks */ = {isa = PBXBuildFile; productRef = A2D4FAF92AEC8BE7001326A8 /* FirebaseAnalytics */; };
		A2D4FAFC2AEC8BE7001326A8 /* FirebaseAnalyticsOnDeviceConversion in Frameworks */ = {isa = PBXBuildFile; productRef = A2D4FAFB2AEC8BE7001326A8 /* FirebaseAnalyticsOnDeviceConversion */; };
		A2D4FAFE2AEC8BE7001326A8 /* FirebaseAnalyticsSwift in Frameworks */ = {isa = PBXBuildFile; productRef = A2D4FAFD2AEC8BE7001326A8 /* FirebaseAnalyticsSwift */; };
		A2D4FB002AEC8BE7001326A8 /* FirebaseAnalyticsWithoutAdIdSupport in Frameworks */ = {isa = PBXBuildFile; productRef = A2D4FAFF2AEC8BE7001326A8 /* FirebaseAnalyticsWithoutAdIdSupport */; };
		A2D4FB022AEC8BE7001326A8 /* FirebaseAppCheck in Frameworks */ = {isa = PBXBuildFile; productRef = A2D4FB012AEC8BE7001326A8 /* FirebaseAppCheck */; };
		A2D4FB042AEC8BE7001326A8 /* FirebaseAppDistribution-Beta in Frameworks */ = {isa = PBXBuildFile; productRef = A2D4FB032AEC8BE7001326A8 /* FirebaseAppDistribution-Beta */; };
		A2D4FB062AEC8BE7001326A8 /* FirebaseAuth in Frameworks */ = {isa = PBXBuildFile; productRef = A2D4FB052AEC8BE7001326A8 /* FirebaseAuth */; };
		A2D4FB082AEC8BE7001326A8 /* FirebaseAuthCombine-Community in Frameworks */ = {isa = PBXBuildFile; productRef = A2D4FB072AEC8BE7001326A8 /* FirebaseAuthCombine-Community */; };
		A2D4FB0A2AEC8BE7001326A8 /* FirebaseCrashlytics in Frameworks */ = {isa = PBXBuildFile; productRef = A2D4FB092AEC8BE7001326A8 /* FirebaseCrashlytics */; };
		A2D4FB0C2AEC8BE7001326A8 /* FirebaseDatabase in Frameworks */ = {isa = PBXBuildFile; productRef = A2D4FB0B2AEC8BE7001326A8 /* FirebaseDatabase */; };
		A2D4FB0E2AEC8BE7001326A8 /* FirebaseDatabaseSwift in Frameworks */ = {isa = PBXBuildFile; productRef = A2D4FB0D2AEC8BE7001326A8 /* FirebaseDatabaseSwift */; };
		A2D4FB102AEC8BE7001326A8 /* FirebaseDynamicLinks in Frameworks */ = {isa = PBXBuildFile; productRef = A2D4FB0F2AEC8BE7001326A8 /* FirebaseDynamicLinks */; };
		A2D4FB122AEC8BE7001326A8 /* FirebaseFirestore in Frameworks */ = {isa = PBXBuildFile; productRef = A2D4FB112AEC8BE7001326A8 /* FirebaseFirestore */; };
		A2D4FB142AEC8BE7001326A8 /* FirebaseFirestoreCombine-Community in Frameworks */ = {isa = PBXBuildFile; productRef = A2D4FB132AEC8BE7001326A8 /* FirebaseFirestoreCombine-Community */; };
		A2D4FB162AEC8BE7001326A8 /* FirebaseFirestoreSwift in Frameworks */ = {isa = PBXBuildFile; productRef = A2D4FB152AEC8BE7001326A8 /* FirebaseFirestoreSwift */; };
		A2D4FB182AEC8BE7001326A8 /* FirebaseFunctions in Frameworks */ = {isa = PBXBuildFile; productRef = A2D4FB172AEC8BE7001326A8 /* FirebaseFunctions */; };
		A2D4FB1A2AEC8BE7001326A8 /* FirebaseFunctionsCombine-Community in Frameworks */ = {isa = PBXBuildFile; productRef = A2D4FB192AEC8BE7001326A8 /* FirebaseFunctionsCombine-Community */; };
		A2D4FB1C2AEC8BE7001326A8 /* FirebaseInAppMessaging-Beta in Frameworks */ = {isa = PBXBuildFile; productRef = A2D4FB1B2AEC8BE7001326A8 /* FirebaseInAppMessaging-Beta */; };
		A2D4FB1E2AEC8BE7001326A8 /* FirebaseInAppMessagingSwift-Beta in Frameworks */ = {isa = PBXBuildFile; productRef = A2D4FB1D2AEC8BE7001326A8 /* FirebaseInAppMessagingSwift-Beta */; };
		A2D4FB202AEC8BE7001326A8 /* FirebaseInstallations in Frameworks */ = {isa = PBXBuildFile; productRef = A2D4FB1F2AEC8BE7001326A8 /* FirebaseInstallations */; };
		A2D4FB222AEC8BE7001326A8 /* FirebaseMLModelDownloader in Frameworks */ = {isa = PBXBuildFile; productRef = A2D4FB212AEC8BE7001326A8 /* FirebaseMLModelDownloader */; };
		A2D4FB242AEC8BE7001326A8 /* FirebaseMessaging in Frameworks */ = {isa = PBXBuildFile; productRef = A2D4FB232AEC8BE7001326A8 /* FirebaseMessaging */; };
		A2D4FB262AEC8BE7001326A8 /* FirebasePerformance in Frameworks */ = {isa = PBXBuildFile; productRef = A2D4FB252AEC8BE7001326A8 /* FirebasePerformance */; };
		A2D4FB282AEC8BE7001326A8 /* FirebaseRemoteConfig in Frameworks */ = {isa = PBXBuildFile; productRef = A2D4FB272AEC8BE7001326A8 /* FirebaseRemoteConfig */; };
		A2D4FB2A2AEC8BE7001326A8 /* FirebaseRemoteConfigSwift in Frameworks */ = {isa = PBXBuildFile; productRef = A2D4FB292AEC8BE7001326A8 /* FirebaseRemoteConfigSwift */; };
		A2D4FB2C2AEC8BE7001326A8 /* FirebaseStorage in Frameworks */ = {isa = PBXBuildFile; productRef = A2D4FB2B2AEC8BE7001326A8 /* FirebaseStorage */; };
		A2D4FB2E2AEC8BE7001326A8 /* FirebaseStorageCombine-Community in Frameworks */ = {isa = PBXBuildFile; productRef = A2D4FB2D2AEC8BE7001326A8 /* FirebaseStorageCombine-Community */; };
		A2D4FB302AEC8C16001326A8 /* FirebaseAnalytics in Frameworks */ = {isa = PBXBuildFile; productRef = A2D4FB2F2AEC8C16001326A8 /* FirebaseAnalytics */; };
		A2D4FB322AEC8C16001326A8 /* FirebaseAnalyticsOnDeviceConversion in Frameworks */ = {isa = PBXBuildFile; productRef = A2D4FB312AEC8C16001326A8 /* FirebaseAnalyticsOnDeviceConversion */; };
		A2D4FB342AEC8C16001326A8 /* FirebaseAnalyticsSwift in Frameworks */ = {isa = PBXBuildFile; productRef = A2D4FB332AEC8C16001326A8 /* FirebaseAnalyticsSwift */; };
		A2D4FB362AEC8C16001326A8 /* FirebaseAnalyticsWithoutAdIdSupport in Frameworks */ = {isa = PBXBuildFile; productRef = A2D4FB352AEC8C16001326A8 /* FirebaseAnalyticsWithoutAdIdSupport */; };
		A2D4FB382AEC8C16001326A8 /* FirebaseAppCheck in Frameworks */ = {isa = PBXBuildFile; productRef = A2D4FB372AEC8C16001326A8 /* FirebaseAppCheck */; };
		A2D4FB3A2AEC8C16001326A8 /* FirebaseAppDistribution-Beta in Frameworks */ = {isa = PBXBuildFile; productRef = A2D4FB392AEC8C16001326A8 /* FirebaseAppDistribution-Beta */; };
		A2D4FB3C2AEC8C16001326A8 /* FirebaseAuth in Frameworks */ = {isa = PBXBuildFile; productRef = A2D4FB3B2AEC8C16001326A8 /* FirebaseAuth */; };
		A2D4FB3E2AEC8C16001326A8 /* FirebaseAuthCombine-Community in Frameworks */ = {isa = PBXBuildFile; productRef = A2D4FB3D2AEC8C16001326A8 /* FirebaseAuthCombine-Community */; };
		A2D4FB402AEC8C16001326A8 /* FirebaseCrashlytics in Frameworks */ = {isa = PBXBuildFile; productRef = A2D4FB3F2AEC8C16001326A8 /* FirebaseCrashlytics */; };
		A2D4FB422AEC8C16001326A8 /* FirebaseDatabase in Frameworks */ = {isa = PBXBuildFile; productRef = A2D4FB412AEC8C16001326A8 /* FirebaseDatabase */; };
		A2D4FB442AEC8C16001326A8 /* FirebaseDatabaseSwift in Frameworks */ = {isa = PBXBuildFile; productRef = A2D4FB432AEC8C16001326A8 /* FirebaseDatabaseSwift */; };
		A2D4FB462AEC8C16001326A8 /* FirebaseDynamicLinks in Frameworks */ = {isa = PBXBuildFile; productRef = A2D4FB452AEC8C16001326A8 /* FirebaseDynamicLinks */; };
		A2D4FB482AEC8C16001326A8 /* FirebaseFirestore in Frameworks */ = {isa = PBXBuildFile; productRef = A2D4FB472AEC8C16001326A8 /* FirebaseFirestore */; };
		A2D4FB4A2AEC8C16001326A8 /* FirebaseFirestoreCombine-Community in Frameworks */ = {isa = PBXBuildFile; productRef = A2D4FB492AEC8C16001326A8 /* FirebaseFirestoreCombine-Community */; };
		A2D4FB4C2AEC8C16001326A8 /* FirebaseFirestoreSwift in Frameworks */ = {isa = PBXBuildFile; productRef = A2D4FB4B2AEC8C16001326A8 /* FirebaseFirestoreSwift */; };
		A2D4FB4E2AEC8C16001326A8 /* FirebaseFunctions in Frameworks */ = {isa = PBXBuildFile; productRef = A2D4FB4D2AEC8C16001326A8 /* FirebaseFunctions */; };
		A2D4FB502AEC8C16001326A8 /* FirebaseFunctionsCombine-Community in Frameworks */ = {isa = PBXBuildFile; productRef = A2D4FB4F2AEC8C16001326A8 /* FirebaseFunctionsCombine-Community */; };
		A2D4FB522AEC8C16001326A8 /* FirebaseInAppMessaging-Beta in Frameworks */ = {isa = PBXBuildFile; productRef = A2D4FB512AEC8C16001326A8 /* FirebaseInAppMessaging-Beta */; };
		A2D4FB542AEC8C16001326A8 /* FirebaseInAppMessagingSwift-Beta in Frameworks */ = {isa = PBXBuildFile; productRef = A2D4FB532AEC8C16001326A8 /* FirebaseInAppMessagingSwift-Beta */; };
		A2D4FB562AEC8C16001326A8 /* FirebaseInstallations in Frameworks */ = {isa = PBXBuildFile; productRef = A2D4FB552AEC8C16001326A8 /* FirebaseInstallations */; };
		A2D4FB582AEC8C16001326A8 /* FirebaseMLModelDownloader in Frameworks */ = {isa = PBXBuildFile; productRef = A2D4FB572AEC8C16001326A8 /* FirebaseMLModelDownloader */; };
		A2D4FB5A2AEC8C16001326A8 /* FirebaseMessaging in Frameworks */ = {isa = PBXBuildFile; productRef = A2D4FB592AEC8C16001326A8 /* FirebaseMessaging */; };
		A2D4FB5C2AEC8C16001326A8 /* FirebasePerformance in Frameworks */ = {isa = PBXBuildFile; productRef = A2D4FB5B2AEC8C16001326A8 /* FirebasePerformance */; };
		A2D4FB5E2AEC8C16001326A8 /* FirebaseRemoteConfig in Frameworks */ = {isa = PBXBuildFile; productRef = A2D4FB5D2AEC8C16001326A8 /* FirebaseRemoteConfig */; };
		A2D4FB602AEC8C16001326A8 /* FirebaseRemoteConfigSwift in Frameworks */ = {isa = PBXBuildFile; productRef = A2D4FB5F2AEC8C16001326A8 /* FirebaseRemoteConfigSwift */; };
		A2D4FB622AEC8C16001326A8 /* FirebaseStorage in Frameworks */ = {isa = PBXBuildFile; productRef = A2D4FB612AEC8C16001326A8 /* FirebaseStorage */; };
		A2D4FB642AEC8C16001326A8 /* FirebaseStorageCombine-Community in Frameworks */ = {isa = PBXBuildFile; productRef = A2D4FB632AEC8C16001326A8 /* FirebaseStorageCombine-Community */; };
		A2D4FB662AEC8FDC001326A8 /* NewMessageCompo.swift in Sources */ = {isa = PBXBuildFile; fileRef = A2D4FB652AEC8FDC001326A8 /* NewMessageCompo.swift */; };
		A2D4FB682AEC913C001326A8 /* MessageCompo.swift in Sources */ = {isa = PBXBuildFile; fileRef = A2D4FB672AEC913C001326A8 /* MessageCompo.swift */; };
		A2D4FB6A2AEC91B5001326A8 /* LatestMessageCompo.swift in Sources */ = {isa = PBXBuildFile; fileRef = A2D4FB692AEC91B5001326A8 /* LatestMessageCompo.swift */; };
		A2D4FB6C2AEC9320001326A8 /* NewMessageViewModel.swift in Sources */ = {isa = PBXBuildFile; fileRef = A2D4FB6B2AEC9320001326A8 /* NewMessageViewModel.swift */; };
		A2D4FB6E2AEC9862001326A8 /* MessageViewModel.swift in Sources */ = {isa = PBXBuildFile; fileRef = A2D4FB6D2AEC9862001326A8 /* MessageViewModel.swift */; };
		A2D4FB702AEC9B94001326A8 /* ChatMainViewModel.swift in Sources */ = {isa = PBXBuildFile; fileRef = A2D4FB6F2AEC9B94001326A8 /* ChatMainViewModel.swift */; };
		A2D4FB722AECA2A3001326A8 /* ChatMainView.swift in Sources */ = {isa = PBXBuildFile; fileRef = A2D4FB712AECA2A3001326A8 /* ChatMainView.swift */; };
		A2D4FB762AECA5AE001326A8 /* MessageView.swift in Sources */ = {isa = PBXBuildFile; fileRef = A2D4FB752AECA5AE001326A8 /* MessageView.swift */; };
		A2D4FB792AECA67A001326A8 /* NewMessageView.swift in Sources */ = {isa = PBXBuildFile; fileRef = A2D4FB782AECA67A001326A8 /* NewMessageView.swift */; };
		EF78EE7C2AF75D5F0010F356 /* StringExtensions.swift in Sources */ = {isa = PBXBuildFile; fileRef = EF78EE7B2AF75D5F0010F356 /* StringExtensions.swift */; };
/* End PBXBuildFile section */

/* Begin PBXFileReference section */
		003803D22AA968E2000BB3B1 /* COMP90018_APP.app */ = {isa = PBXFileReference; explicitFileType = wrapper.application; includeInIndex = 0; path = COMP90018_APP.app; sourceTree = BUILT_PRODUCTS_DIR; };
		003803D52AA968E2000BB3B1 /* COMP90018_APPApp.swift */ = {isa = PBXFileReference; lastKnownFileType = sourcecode.swift; path = COMP90018_APPApp.swift; sourceTree = "<group>"; };
		003803D92AA968E5000BB3B1 /* Assets.xcassets */ = {isa = PBXFileReference; lastKnownFileType = folder.assetcatalog; path = Assets.xcassets; sourceTree = "<group>"; };
		003803DC2AA968E5000BB3B1 /* Preview Assets.xcassets */ = {isa = PBXFileReference; lastKnownFileType = folder.assetcatalog; path = "Preview Assets.xcassets"; sourceTree = "<group>"; };
		2D1890F12AE5F50A00B63D8F /* ImagePickerView.swift */ = {isa = PBXFileReference; fileEncoding = 4; lastKnownFileType = sourcecode.swift; path = ImagePickerView.swift; sourceTree = "<group>"; };
		2D1890F32AE5F51000B63D8F /* KeyboardUtility.swift */ = {isa = PBXFileReference; fileEncoding = 4; lastKnownFileType = sourcecode.swift; path = KeyboardUtility.swift; sourceTree = "<group>"; };
		2D5B978B2AE76E49008ED0A5 /* COMP90018-APP-Info.plist */ = {isa = PBXFileReference; lastKnownFileType = text.plist; path = "COMP90018-APP-Info.plist"; sourceTree = SOURCE_ROOT; };
		2D65DA432AEDFE4600703782 /* PostsMapView.swift */ = {isa = PBXFileReference; lastKnownFileType = sourcecode.swift; path = PostsMapView.swift; sourceTree = "<group>"; };
		2D65DA4B2AF8B94400703782 /* FooterViewModifier.swift */ = {isa = PBXFileReference; lastKnownFileType = sourcecode.swift; path = FooterViewModifier.swift; sourceTree = "<group>"; };
		2D65DA4D2AFB21AF00703782 /* TagPostsView.swift */ = {isa = PBXFileReference; lastKnownFileType = sourcecode.swift; path = TagPostsView.swift; sourceTree = "<group>"; };
		2DB04A592AECF41C00270DC5 /* SpeechRecognizerViewModel.swift */ = {isa = PBXFileReference; lastKnownFileType = sourcecode.swift; path = SpeechRecognizerViewModel.swift; sourceTree = "<group>"; };
		2DD346A92AE913F7001F6A57 /* LocationViewModel.swift */ = {isa = PBXFileReference; lastKnownFileType = sourcecode.swift; path = LocationViewModel.swift; sourceTree = "<group>"; };
		2DD346AD2AEBE5E8001F6A57 /* Settings.bundle */ = {isa = PBXFileReference; lastKnownFileType = "wrapper.plug-in"; path = Settings.bundle; sourceTree = "<group>"; };
		2DE1A5B62AB2C1A3000A2551 /* WelcomeView.swift */ = {isa = PBXFileReference; lastKnownFileType = sourcecode.swift; path = WelcomeView.swift; sourceTree = "<group>"; };
		2DE1A5B82AB2C25D000A2551 /* PostsView.swift */ = {isa = PBXFileReference; lastKnownFileType = sourcecode.swift; path = PostsView.swift; sourceTree = "<group>"; };
		2DE1A5BA2AB2C26E000A2551 /* ShakeView.swift */ = {isa = PBXFileReference; lastKnownFileType = sourcecode.swift; path = ShakeView.swift; sourceTree = "<group>"; };
		2DE1A5BC2AB2C297000A2551 /* SignView.swift */ = {isa = PBXFileReference; lastKnownFileType = sourcecode.swift; path = SignView.swift; sourceTree = "<group>"; };
		2DE1A5BE2AB2C2D7000A2551 /* ProfileView.swift */ = {isa = PBXFileReference; lastKnownFileType = sourcecode.swift; path = ProfileView.swift; sourceTree = "<group>"; };
		2DE1A5C02AB2C2EE000A2551 /* ProfileSetttingView.swift */ = {isa = PBXFileReference; lastKnownFileType = sourcecode.swift; path = ProfileSetttingView.swift; sourceTree = "<group>"; };
		2DE1A5C22AB2C562000A2551 /* SinglePostView.swift */ = {isa = PBXFileReference; lastKnownFileType = sourcecode.swift; path = SinglePostView.swift; sourceTree = "<group>"; };
		2DE1A5C42AB2CA68000A2551 /* TabMainView.swift */ = {isa = PBXFileReference; lastKnownFileType = sourcecode.swift; path = TabMainView.swift; sourceTree = "<group>"; };
		2DE1A5C62AB2CC0F000A2551 /* AddPostView.swift */ = {isa = PBXFileReference; lastKnownFileType = sourcecode.swift; path = AddPostView.swift; sourceTree = "<group>"; };
		474617932AE8EF2B003145A2 /* SinglePostViewModel.swift */ = {isa = PBXFileReference; lastKnownFileType = sourcecode.swift; path = SinglePostViewModel.swift; sourceTree = "<group>"; };
		4787E6E92AEBE10400025D4A /* PostCard.swift */ = {isa = PBXFileReference; lastKnownFileType = sourcecode.swift; path = PostCard.swift; sourceTree = "<group>"; };
		4787E6ED2AEBE94C00025D4A /* PostCollection.swift */ = {isa = PBXFileReference; lastKnownFileType = sourcecode.swift; path = PostCollection.swift; sourceTree = "<group>"; };
		4787E6F32AEBEA9E00025D4A /* PostCollectionModel.swift */ = {isa = PBXFileReference; lastKnownFileType = sourcecode.swift; path = PostCollectionModel.swift; sourceTree = "<group>"; };
		4787E6F82AED143100025D4A /* LikeButtonPost.swift */ = {isa = PBXFileReference; lastKnownFileType = sourcecode.swift; path = LikeButtonPost.swift; sourceTree = "<group>"; };
		4787E6FA2AED145900025D4A /* LikeButtonComment.swift */ = {isa = PBXFileReference; lastKnownFileType = sourcecode.swift; path = LikeButtonComment.swift; sourceTree = "<group>"; };
		4787E6FC2AED1A8F00025D4A /* DeleteButtonPost.swift */ = {isa = PBXFileReference; lastKnownFileType = sourcecode.swift; path = DeleteButtonPost.swift; sourceTree = "<group>"; };
		47B013462AEE46BB00FD89B6 /* ProfileViewLikedModel.swift */ = {isa = PBXFileReference; lastKnownFileType = sourcecode.swift; path = ProfileViewLikedModel.swift; sourceTree = "<group>"; };
		47B013482AEE473C00FD89B6 /* ProfileViewPostsModel.swift */ = {isa = PBXFileReference; lastKnownFileType = sourcecode.swift; path = ProfileViewPostsModel.swift; sourceTree = "<group>"; };
		47B08A602AED1FDB006F32AF /* DeleteButtonComment.swift */ = {isa = PBXFileReference; lastKnownFileType = sourcecode.swift; path = DeleteButtonComment.swift; sourceTree = "<group>"; };
		47B08A642AED2DC1006F32AF /* PostPhotoView.swift */ = {isa = PBXFileReference; lastKnownFileType = sourcecode.swift; path = PostPhotoView.swift; sourceTree = "<group>"; };
		47B08A672AED2F03006F32AF /* SinglePostCommentButton.swift */ = {isa = PBXFileReference; lastKnownFileType = sourcecode.swift; path = SinglePostCommentButton.swift; sourceTree = "<group>"; };
		47B08A692AED2F4B006F32AF /* CommentTextField.swift */ = {isa = PBXFileReference; lastKnownFileType = sourcecode.swift; path = CommentTextField.swift; sourceTree = "<group>"; };
		47B08A6B2AED2F75006F32AF /* CommentSection.swift */ = {isa = PBXFileReference; lastKnownFileType = sourcecode.swift; path = CommentSection.swift; sourceTree = "<group>"; };
		47B08A6D2AED2FA0006F32AF /* SingleComment.swift */ = {isa = PBXFileReference; lastKnownFileType = sourcecode.swift; path = SingleComment.swift; sourceTree = "<group>"; };
		47D8C40A2AFA41FD002900AB /* ColorPalette.swift */ = {isa = PBXFileReference; lastKnownFileType = sourcecode.swift; path = ColorPalette.swift; sourceTree = "<group>"; };
		A2027C952AB2FA4800BA5391 /* FirebaseManager.swift */ = {isa = PBXFileReference; lastKnownFileType = sourcecode.swift; path = FirebaseManager.swift; sourceTree = "<group>"; };
		A2027C972AB2FE1B00BA5391 /* LocationManager.swift */ = {isa = PBXFileReference; lastKnownFileType = sourcecode.swift; path = LocationManager.swift; sourceTree = "<group>"; };
		A2027C992AB3014F00BA5391 /* PostModel.swift */ = {isa = PBXFileReference; lastKnownFileType = sourcecode.swift; path = PostModel.swift; sourceTree = "<group>"; };
		A2027C9B2AB304A100BA5391 /* UserModel.swift */ = {isa = PBXFileReference; lastKnownFileType = sourcecode.swift; path = UserModel.swift; sourceTree = "<group>"; };
		A2027CCC2AB42B6400BA5391 /* CommentModel.swift */ = {isa = PBXFileReference; lastKnownFileType = sourcecode.swift; path = CommentModel.swift; sourceTree = "<group>"; };
		A2027CD02AB7035500BA5391 /* AddPostViewModel.swift */ = {isa = PBXFileReference; lastKnownFileType = sourcecode.swift; path = AddPostViewModel.swift; sourceTree = "<group>"; };
		A2027CD22AB7C85300BA5391 /* PostsViewModel.swift */ = {isa = PBXFileReference; lastKnownFileType = sourcecode.swift; path = PostsViewModel.swift; sourceTree = "<group>"; };
		A2027CD42AB7D36000BA5391 /* ProfileViewModel.swift */ = {isa = PBXFileReference; lastKnownFileType = sourcecode.swift; path = ProfileViewModel.swift; sourceTree = "<group>"; };
		A20A9FCD2AB7F8D3003833AA /* TagModel.swift */ = {isa = PBXFileReference; lastKnownFileType = sourcecode.swift; path = TagModel.swift; sourceTree = "<group>"; };
		A20A9FCF2AB81927003833AA /* UserViewModel.swift */ = {isa = PBXFileReference; lastKnownFileType = sourcecode.swift; path = UserViewModel.swift; sourceTree = "<group>"; };
		A219E3DB2AE510B20082F991 /* ProfileSettingViewModel.swift */ = {isa = PBXFileReference; lastKnownFileType = sourcecode.swift; path = ProfileSettingViewModel.swift; sourceTree = "<group>"; };
		A219E3E12AE51B850082F991 /* GoogleService-Info.plist */ = {isa = PBXFileReference; fileEncoding = 4; lastKnownFileType = text.plist.xml; path = "GoogleService-Info.plist"; sourceTree = "<group>"; };
		A24B6D802AF88B2D00655A7F /* Launch Screen.storyboard */ = {isa = PBXFileReference; lastKnownFileType = file.storyboard; path = "Launch Screen.storyboard"; sourceTree = "<group>"; };
		A2AC2AF12AF9B85D00A33259 /* UserProfileViewModel.swift */ = {isa = PBXFileReference; fileEncoding = 4; lastKnownFileType = sourcecode.swift; path = UserProfileViewModel.swift; sourceTree = "<group>"; };
		A2AC2AF32AF9B87600A33259 /* UserProfileView.swift */ = {isa = PBXFileReference; fileEncoding = 4; lastKnownFileType = sourcecode.swift; path = UserProfileView.swift; sourceTree = "<group>"; };
		A2AC2AF52AFB5F2600A33259 /* PrivacyManager.swift */ = {isa = PBXFileReference; lastKnownFileType = sourcecode.swift; path = PrivacyManager.swift; sourceTree = "<group>"; };
		A2D4FAE12AEC8B51001326A8 /* MessageModel.swift */ = {isa = PBXFileReference; lastKnownFileType = sourcecode.swift; path = MessageModel.swift; sourceTree = "<group>"; };
		A2D4FAE32AEC8B92001326A8 /* LatestMessage.swift */ = {isa = PBXFileReference; lastKnownFileType = sourcecode.swift; path = LatestMessage.swift; sourceTree = "<group>"; };
		A2D4FB652AEC8FDC001326A8 /* NewMessageCompo.swift */ = {isa = PBXFileReference; lastKnownFileType = sourcecode.swift; path = NewMessageCompo.swift; sourceTree = "<group>"; };
		A2D4FB672AEC913C001326A8 /* MessageCompo.swift */ = {isa = PBXFileReference; lastKnownFileType = sourcecode.swift; path = MessageCompo.swift; sourceTree = "<group>"; };
		A2D4FB692AEC91B5001326A8 /* LatestMessageCompo.swift */ = {isa = PBXFileReference; lastKnownFileType = sourcecode.swift; path = LatestMessageCompo.swift; sourceTree = "<group>"; };
		A2D4FB6B2AEC9320001326A8 /* NewMessageViewModel.swift */ = {isa = PBXFileReference; lastKnownFileType = sourcecode.swift; path = NewMessageViewModel.swift; sourceTree = "<group>"; };
		A2D4FB6D2AEC9862001326A8 /* MessageViewModel.swift */ = {isa = PBXFileReference; lastKnownFileType = sourcecode.swift; path = MessageViewModel.swift; sourceTree = "<group>"; };
		A2D4FB6F2AEC9B94001326A8 /* ChatMainViewModel.swift */ = {isa = PBXFileReference; lastKnownFileType = sourcecode.swift; path = ChatMainViewModel.swift; sourceTree = "<group>"; };
		A2D4FB712AECA2A3001326A8 /* ChatMainView.swift */ = {isa = PBXFileReference; lastKnownFileType = sourcecode.swift; path = ChatMainView.swift; sourceTree = "<group>"; };
		A2D4FB752AECA5AE001326A8 /* MessageView.swift */ = {isa = PBXFileReference; lastKnownFileType = sourcecode.swift; path = MessageView.swift; sourceTree = "<group>"; };
		A2D4FB782AECA67A001326A8 /* NewMessageView.swift */ = {isa = PBXFileReference; lastKnownFileType = sourcecode.swift; path = NewMessageView.swift; sourceTree = "<group>"; };
		EF78EE7B2AF75D5F0010F356 /* StringExtensions.swift */ = {isa = PBXFileReference; lastKnownFileType = sourcecode.swift; path = StringExtensions.swift; sourceTree = "<group>"; };
/* End PBXFileReference section */

/* Begin PBXFrameworksBuildPhase section */
		003803CF2AA968E2000BB3B1 /* Frameworks */ = {
			isa = PBXFrameworksBuildPhase;
			buildActionMask = 2147483647;
			files = (
				A2D4FB442AEC8C16001326A8 /* FirebaseDatabaseSwift in Frameworks */,
				2D1890F02AE5EF2500B63D8F /* BSImagePicker in Frameworks */,
				A2D4FAF22AEC8BCA001326A8 /* FirebaseAuth in Frameworks */,
				A2D4FAEE2AEC8BCA001326A8 /* FirebaseAppCheck in Frameworks */,
				A2D4FB282AEC8BE7001326A8 /* FirebaseRemoteConfig in Frameworks */,
				2D1890EF2AE5EF2500B63D8F /* Renderer in Frameworks */,
				2D1890EE2AE5EF2500B63D8F /* Flow in Frameworks */,
				A2D4FB502AEC8C16001326A8 /* FirebaseFunctionsCombine-Community in Frameworks */,
				A2D4FB162AEC8BE7001326A8 /* FirebaseFirestoreSwift in Frameworks */,
				A2D4FB2E2AEC8BE7001326A8 /* FirebaseStorageCombine-Community in Frameworks */,
				A2D4FB482AEC8C16001326A8 /* FirebaseFirestore in Frameworks */,
				A2D4FB382AEC8C16001326A8 /* FirebaseAppCheck in Frameworks */,
				A2D4FB2A2AEC8BE7001326A8 /* FirebaseRemoteConfigSwift in Frameworks */,
				A2D4FAEA2AEC8BCA001326A8 /* FirebaseAnalyticsSwift in Frameworks */,
				A2D4FAF82AEC8BCA001326A8 /* FirebaseDatabase in Frameworks */,
				A2D4FB362AEC8C16001326A8 /* FirebaseAnalyticsWithoutAdIdSupport in Frameworks */,
				A2D4FAFC2AEC8BE7001326A8 /* FirebaseAnalyticsOnDeviceConversion in Frameworks */,
				A2D4FB602AEC8C16001326A8 /* FirebaseRemoteConfigSwift in Frameworks */,
				A2D4FB3A2AEC8C16001326A8 /* FirebaseAppDistribution-Beta in Frameworks */,
				A2D4FB5E2AEC8C16001326A8 /* FirebaseRemoteConfig in Frameworks */,
				A2D4FB342AEC8C16001326A8 /* FirebaseAnalyticsSwift in Frameworks */,
				A2027C642AB2DDB800BA5391 /* FirebaseDatabaseSwift in Frameworks */,
				A2027C682AB2DDB800BA5391 /* FirebaseStorage in Frameworks */,
				A2D4FB4A2AEC8C16001326A8 /* FirebaseFirestoreCombine-Community in Frameworks */,
				A2D4FB1C2AEC8BE7001326A8 /* FirebaseInAppMessaging-Beta in Frameworks */,
				A2D4FB4E2AEC8C16001326A8 /* FirebaseFunctions in Frameworks */,
				A2D4FB022AEC8BE7001326A8 /* FirebaseAppCheck in Frameworks */,
				A2D4FB062AEC8BE7001326A8 /* FirebaseAuth in Frameworks */,
				A2D4FB5C2AEC8C16001326A8 /* FirebasePerformance in Frameworks */,
				A2D4FB542AEC8C16001326A8 /* FirebaseInAppMessagingSwift-Beta in Frameworks */,
				A2D4FB122AEC8BE7001326A8 /* FirebaseFirestore in Frameworks */,
				A2D4FAF02AEC8BCA001326A8 /* FirebaseAppDistribution-Beta in Frameworks */,
				A2D4FB3C2AEC8C16001326A8 /* FirebaseAuth in Frameworks */,
				A2D4FB522AEC8C16001326A8 /* FirebaseInAppMessaging-Beta in Frameworks */,
				A2D4FB642AEC8C16001326A8 /* FirebaseStorageCombine-Community in Frameworks */,
				A2027C622AB2DDB800BA5391 /* FirebaseAuth in Frameworks */,
				A2D4FAEC2AEC8BCA001326A8 /* FirebaseAnalyticsWithoutAdIdSupport in Frameworks */,
				A2D4FB262AEC8BE7001326A8 /* FirebasePerformance in Frameworks */,
				A2D4FB182AEC8BE7001326A8 /* FirebaseFunctions in Frameworks */,
				A2D4FB322AEC8C16001326A8 /* FirebaseAnalyticsOnDeviceConversion in Frameworks */,
				A2027C662AB2DDB800BA5391 /* FirebaseFirestore in Frameworks */,
				A2D4FB422AEC8C16001326A8 /* FirebaseDatabase in Frameworks */,
				A2D4FAE82AEC8BCA001326A8 /* FirebaseAnalyticsOnDeviceConversion in Frameworks */,
				2DD136F12AFC479100C0FC77 /* SwipeActions in Frameworks */,
				A2D4FB4C2AEC8C16001326A8 /* FirebaseFirestoreSwift in Frameworks */,
				A2D4FB082AEC8BE7001326A8 /* FirebaseAuthCombine-Community in Frameworks */,
				A2D4FB002AEC8BE7001326A8 /* FirebaseAnalyticsWithoutAdIdSupport in Frameworks */,
				A2D4FAF62AEC8BCA001326A8 /* FirebaseCrashlytics in Frameworks */,
				A2D4FB222AEC8BE7001326A8 /* FirebaseMLModelDownloader in Frameworks */,
				A2027C6B2AB2DDED00BA5391 /* Kingfisher in Frameworks */,
				A2D4FAE62AEC8BCA001326A8 /* FirebaseAnalytics in Frameworks */,
				A2D4FB5A2AEC8C16001326A8 /* FirebaseMessaging in Frameworks */,
				A2D4FAFE2AEC8BE7001326A8 /* FirebaseAnalyticsSwift in Frameworks */,
				A2D4FB202AEC8BE7001326A8 /* FirebaseInstallations in Frameworks */,
				A2D4FAFA2AEC8BE7001326A8 /* FirebaseAnalytics in Frameworks */,
				A2D4FB302AEC8C16001326A8 /* FirebaseAnalytics in Frameworks */,
				A2D4FB142AEC8BE7001326A8 /* FirebaseFirestoreCombine-Community in Frameworks */,
				A2D4FB582AEC8C16001326A8 /* FirebaseMLModelDownloader in Frameworks */,
				A2D4FB1A2AEC8BE7001326A8 /* FirebaseFunctionsCombine-Community in Frameworks */,
				A2D4FB3E2AEC8C16001326A8 /* FirebaseAuthCombine-Community in Frameworks */,
				A2D4FB242AEC8BE7001326A8 /* FirebaseMessaging in Frameworks */,
				A2D4FB562AEC8C16001326A8 /* FirebaseInstallations in Frameworks */,
				A2D4FB0A2AEC8BE7001326A8 /* FirebaseCrashlytics in Frameworks */,
				A2D4FB0E2AEC8BE7001326A8 /* FirebaseDatabaseSwift in Frameworks */,
				A2D4FAF42AEC8BCA001326A8 /* FirebaseAuthCombine-Community in Frameworks */,
				A2D4FB622AEC8C16001326A8 /* FirebaseStorage in Frameworks */,
				A2D4FB462AEC8C16001326A8 /* FirebaseDynamicLinks in Frameworks */,
				A2D4FB0C2AEC8BE7001326A8 /* FirebaseDatabase in Frameworks */,
				A2D4FB1E2AEC8BE7001326A8 /* FirebaseInAppMessagingSwift-Beta in Frameworks */,
				A2D4FB2C2AEC8BE7001326A8 /* FirebaseStorage in Frameworks */,
				A2D4FB402AEC8C16001326A8 /* FirebaseCrashlytics in Frameworks */,
				A2D4FB042AEC8BE7001326A8 /* FirebaseAppDistribution-Beta in Frameworks */,
				A2D4FB102AEC8BE7001326A8 /* FirebaseDynamicLinks in Frameworks */,
			);
			runOnlyForDeploymentPostprocessing = 0;
		};
/* End PBXFrameworksBuildPhase section */

/* Begin PBXGroup section */
		003803C92AA968E2000BB3B1 = {
			isa = PBXGroup;
			children = (
				2DD346AD2AEBE5E8001F6A57 /* Settings.bundle */,
				003803D42AA968E2000BB3B1 /* COMP90018_APP */,
				003803D32AA968E2000BB3B1 /* Products */,
			);
			sourceTree = "<group>";
		};
		003803D32AA968E2000BB3B1 /* Products */ = {
			isa = PBXGroup;
			children = (
				003803D22AA968E2000BB3B1 /* COMP90018_APP.app */,
			);
			name = Products;
			sourceTree = "<group>";
		};
		003803D42AA968E2000BB3B1 /* COMP90018_APP */ = {
			isa = PBXGroup;
			children = (
				003803D52AA968E2000BB3B1 /* COMP90018_APPApp.swift */,
				2D5B978B2AE76E49008ED0A5 /* COMP90018-APP-Info.plist */,
				A219E3E12AE51B850082F991 /* GoogleService-Info.plist */,
				A26AEF122AEC883900DE7438 /* ActiveChat */,
				A2027C752AB2E3DF00BA5391 /* Models */,
				A2027C742AB2E39000BA5391 /* Utilities */,
				4787E6E42AEBCD7E00025D4A /* Components */,
				2DE1A5B32AB2C04D000A2551 /* Views */,
				003803D92AA968E5000BB3B1 /* Assets.xcassets */,
				003803DB2AA968E5000BB3B1 /* Preview Content */,
				A24B6D802AF88B2D00655A7F /* Launch Screen.storyboard */,
			);
			path = COMP90018_APP;
			sourceTree = "<group>";
		};
		003803DB2AA968E5000BB3B1 /* Preview Content */ = {
			isa = PBXGroup;
			children = (
				003803DC2AA968E5000BB3B1 /* Preview Assets.xcassets */,
			);
			path = "Preview Content";
			sourceTree = "<group>";
		};
		2DE1A5B32AB2C04D000A2551 /* Views */ = {
			isa = PBXGroup;
			children = (
				2DE1A5B62AB2C1A3000A2551 /* WelcomeView.swift */,
				A2AC2AF32AF9B87600A33259 /* UserProfileView.swift */,
				2DE1A5B82AB2C25D000A2551 /* PostsView.swift */,
				2DE1A5BA2AB2C26E000A2551 /* ShakeView.swift */,
				2DE1A5BC2AB2C297000A2551 /* SignView.swift */,
				2DE1A5BE2AB2C2D7000A2551 /* ProfileView.swift */,
				2DE1A5C02AB2C2EE000A2551 /* ProfileSetttingView.swift */,
				2DE1A5C22AB2C562000A2551 /* SinglePostView.swift */,
				2DE1A5C42AB2CA68000A2551 /* TabMainView.swift */,
				2DE1A5C62AB2CC0F000A2551 /* AddPostView.swift */,
				2D65DA432AEDFE4600703782 /* PostsMapView.swift */,
				2D65DA4D2AFB21AF00703782 /* TagPostsView.swift */,
			);
			path = Views;
			sourceTree = "<group>";
		};
		4787E6E42AEBCD7E00025D4A /* Components */ = {
			isa = PBXGroup;
			children = (
				47B08A662AED2EC2006F32AF /* SinglePostView */,
				4787E6E92AEBE10400025D4A /* PostCard.swift */,
				4787E6ED2AEBE94C00025D4A /* PostCollection.swift */,
				4787E6F82AED143100025D4A /* LikeButtonPost.swift */,
				4787E6FA2AED145900025D4A /* LikeButtonComment.swift */,
				4787E6FC2AED1A8F00025D4A /* DeleteButtonPost.swift */,
				2D65DA4B2AF8B94400703782 /* FooterViewModifier.swift */,
				47D8C40A2AFA41FD002900AB /* ColorPalette.swift */,
			);
			path = Components;
			sourceTree = "<group>";
		};
		4787E6F52AEBECCC00025D4A /* InterfaceModels */ = {
			isa = PBXGroup;
			children = (
				4787E6F32AEBEA9E00025D4A /* PostCollectionModel.swift */,
				A2027CD42AB7D36000BA5391 /* ProfileViewModel.swift */,
				EF78EE7B2AF75D5F0010F356 /* StringExtensions.swift */,
			);
			path = InterfaceModels;
			sourceTree = "<group>";
		};
		47B08A662AED2EC2006F32AF /* SinglePostView */ = {
			isa = PBXGroup;
			children = (
				47B08A642AED2DC1006F32AF /* PostPhotoView.swift */,
				47B08A672AED2F03006F32AF /* SinglePostCommentButton.swift */,
				47B08A692AED2F4B006F32AF /* CommentTextField.swift */,
				47B08A6B2AED2F75006F32AF /* CommentSection.swift */,
				47B08A6D2AED2FA0006F32AF /* SingleComment.swift */,
				47B08A602AED1FDB006F32AF /* DeleteButtonComment.swift */,
			);
			path = SinglePostView;
			sourceTree = "<group>";
		};
		A2027C742AB2E39000BA5391 /* Utilities */ = {
			isa = PBXGroup;
			children = (
				A2027C952AB2FA4800BA5391 /* FirebaseManager.swift */,
				2D1890F12AE5F50A00B63D8F /* ImagePickerView.swift */,
				2D1890F32AE5F51000B63D8F /* KeyboardUtility.swift */,
				A2027C972AB2FE1B00BA5391 /* LocationManager.swift */,
				A2AC2AF52AFB5F2600A33259 /* PrivacyManager.swift */,
			);
			path = Utilities;
			sourceTree = "<group>";
		};
		A2027C752AB2E3DF00BA5391 /* Models */ = {
			isa = PBXGroup;
			children = (
				4787E6F52AEBECCC00025D4A /* InterfaceModels */,
				A2027C992AB3014F00BA5391 /* PostModel.swift */,
				A2027C9B2AB304A100BA5391 /* UserModel.swift */,
				A20A9FCD2AB7F8D3003833AA /* TagModel.swift */,
				A2027CCC2AB42B6400BA5391 /* CommentModel.swift */,
				A20A9FCF2AB81927003833AA /* UserViewModel.swift */,
				A2AC2AF12AF9B85D00A33259 /* UserProfileViewModel.swift */,
				A2027CD02AB7035500BA5391 /* AddPostViewModel.swift */,
				A2027CD22AB7C85300BA5391 /* PostsViewModel.swift */,
				47B013482AEE473C00FD89B6 /* ProfileViewPostsModel.swift */,
				47B013462AEE46BB00FD89B6 /* ProfileViewLikedModel.swift */,
				A219E3DB2AE510B20082F991 /* ProfileSettingViewModel.swift */,
				474617932AE8EF2B003145A2 /* SinglePostViewModel.swift */,
				2DD346A92AE913F7001F6A57 /* LocationViewModel.swift */,
				2DB04A592AECF41C00270DC5 /* SpeechRecognizerViewModel.swift */,
			);
			path = Models;
			sourceTree = "<group>";
		};
		A26AEF122AEC883900DE7438 /* ActiveChat */ = {
			isa = PBXGroup;
			children = (
				A2D4FAE02AEC8AD2001326A8 /* Components */,
				A2D4FADF2AEC8AAB001326A8 /* Views */,
				A2D4FADE2AEC8A9E001326A8 /* ViewModels */,
				A2D4FADD2AEC8A87001326A8 /* DataModels */,
			);
			path = ActiveChat;
			sourceTree = "<group>";
		};
		A2D4FADD2AEC8A87001326A8 /* DataModels */ = {
			isa = PBXGroup;
			children = (
				A2D4FAE12AEC8B51001326A8 /* MessageModel.swift */,
				A2D4FAE32AEC8B92001326A8 /* LatestMessage.swift */,
			);
			path = DataModels;
			sourceTree = "<group>";
		};
		A2D4FADE2AEC8A9E001326A8 /* ViewModels */ = {
			isa = PBXGroup;
			children = (
				A2D4FB6B2AEC9320001326A8 /* NewMessageViewModel.swift */,
				A2D4FB6D2AEC9862001326A8 /* MessageViewModel.swift */,
				A2D4FB6F2AEC9B94001326A8 /* ChatMainViewModel.swift */,
			);
			path = ViewModels;
			sourceTree = "<group>";
		};
		A2D4FADF2AEC8AAB001326A8 /* Views */ = {
			isa = PBXGroup;
			children = (
				A2D4FB712AECA2A3001326A8 /* ChatMainView.swift */,
				A2D4FB752AECA5AE001326A8 /* MessageView.swift */,
				A2D4FB782AECA67A001326A8 /* NewMessageView.swift */,
			);
			path = Views;
			sourceTree = "<group>";
		};
		A2D4FAE02AEC8AD2001326A8 /* Components */ = {
			isa = PBXGroup;
			children = (
				A2D4FB652AEC8FDC001326A8 /* NewMessageCompo.swift */,
				A2D4FB672AEC913C001326A8 /* MessageCompo.swift */,
				A2D4FB692AEC91B5001326A8 /* LatestMessageCompo.swift */,
			);
			path = Components;
			sourceTree = "<group>";
		};
/* End PBXGroup section */

/* Begin PBXNativeTarget section */
		003803D12AA968E2000BB3B1 /* COMP90018_APP */ = {
			isa = PBXNativeTarget;
			buildConfigurationList = 003803E02AA968E5000BB3B1 /* Build configuration list for PBXNativeTarget "COMP90018_APP" */;
			buildPhases = (
				003803CE2AA968E2000BB3B1 /* Sources */,
				003803CF2AA968E2000BB3B1 /* Frameworks */,
				003803D02AA968E2000BB3B1 /* Resources */,
			);
			buildRules = (
			);
			dependencies = (
			);
			name = COMP90018_APP;
			packageProductDependencies = (
				A2027C612AB2DDB800BA5391 /* FirebaseAuth */,
				A2027C632AB2DDB800BA5391 /* FirebaseDatabaseSwift */,
				A2027C652AB2DDB800BA5391 /* FirebaseFirestore */,
				A2027C672AB2DDB800BA5391 /* FirebaseStorage */,
				A2027C6A2AB2DDED00BA5391 /* Kingfisher */,
				2DD0A3072AD6918E009D612D /* Flow */,
				2DD0A3092AD6918E009D612D /* Renderer */,
				2DAC32732ADA3BE800BBE467 /* BSImagePicker */,
				A2D4FAE52AEC8BCA001326A8 /* FirebaseAnalytics */,
				A2D4FAE72AEC8BCA001326A8 /* FirebaseAnalyticsOnDeviceConversion */,
				A2D4FAE92AEC8BCA001326A8 /* FirebaseAnalyticsSwift */,
				A2D4FAEB2AEC8BCA001326A8 /* FirebaseAnalyticsWithoutAdIdSupport */,
				A2D4FAED2AEC8BCA001326A8 /* FirebaseAppCheck */,
				A2D4FAEF2AEC8BCA001326A8 /* FirebaseAppDistribution-Beta */,
				A2D4FAF12AEC8BCA001326A8 /* FirebaseAuth */,
				A2D4FAF32AEC8BCA001326A8 /* FirebaseAuthCombine-Community */,
				A2D4FAF52AEC8BCA001326A8 /* FirebaseCrashlytics */,
				A2D4FAF72AEC8BCA001326A8 /* FirebaseDatabase */,
				A2D4FAF92AEC8BE7001326A8 /* FirebaseAnalytics */,
				A2D4FAFB2AEC8BE7001326A8 /* FirebaseAnalyticsOnDeviceConversion */,
				A2D4FAFD2AEC8BE7001326A8 /* FirebaseAnalyticsSwift */,
				A2D4FAFF2AEC8BE7001326A8 /* FirebaseAnalyticsWithoutAdIdSupport */,
				A2D4FB012AEC8BE7001326A8 /* FirebaseAppCheck */,
				A2D4FB032AEC8BE7001326A8 /* FirebaseAppDistribution-Beta */,
				A2D4FB052AEC8BE7001326A8 /* FirebaseAuth */,
				A2D4FB072AEC8BE7001326A8 /* FirebaseAuthCombine-Community */,
				A2D4FB092AEC8BE7001326A8 /* FirebaseCrashlytics */,
				A2D4FB0B2AEC8BE7001326A8 /* FirebaseDatabase */,
				A2D4FB0D2AEC8BE7001326A8 /* FirebaseDatabaseSwift */,
				A2D4FB0F2AEC8BE7001326A8 /* FirebaseDynamicLinks */,
				A2D4FB112AEC8BE7001326A8 /* FirebaseFirestore */,
				A2D4FB132AEC8BE7001326A8 /* FirebaseFirestoreCombine-Community */,
				A2D4FB152AEC8BE7001326A8 /* FirebaseFirestoreSwift */,
				A2D4FB172AEC8BE7001326A8 /* FirebaseFunctions */,
				A2D4FB192AEC8BE7001326A8 /* FirebaseFunctionsCombine-Community */,
				A2D4FB1B2AEC8BE7001326A8 /* FirebaseInAppMessaging-Beta */,
				A2D4FB1D2AEC8BE7001326A8 /* FirebaseInAppMessagingSwift-Beta */,
				A2D4FB1F2AEC8BE7001326A8 /* FirebaseInstallations */,
				A2D4FB212AEC8BE7001326A8 /* FirebaseMLModelDownloader */,
				A2D4FB232AEC8BE7001326A8 /* FirebaseMessaging */,
				A2D4FB252AEC8BE7001326A8 /* FirebasePerformance */,
				A2D4FB272AEC8BE7001326A8 /* FirebaseRemoteConfig */,
				A2D4FB292AEC8BE7001326A8 /* FirebaseRemoteConfigSwift */,
				A2D4FB2B2AEC8BE7001326A8 /* FirebaseStorage */,
				A2D4FB2D2AEC8BE7001326A8 /* FirebaseStorageCombine-Community */,
				A2D4FB2F2AEC8C16001326A8 /* FirebaseAnalytics */,
				A2D4FB312AEC8C16001326A8 /* FirebaseAnalyticsOnDeviceConversion */,
				A2D4FB332AEC8C16001326A8 /* FirebaseAnalyticsSwift */,
				A2D4FB352AEC8C16001326A8 /* FirebaseAnalyticsWithoutAdIdSupport */,
				A2D4FB372AEC8C16001326A8 /* FirebaseAppCheck */,
				A2D4FB392AEC8C16001326A8 /* FirebaseAppDistribution-Beta */,
				A2D4FB3B2AEC8C16001326A8 /* FirebaseAuth */,
				A2D4FB3D2AEC8C16001326A8 /* FirebaseAuthCombine-Community */,
				A2D4FB3F2AEC8C16001326A8 /* FirebaseCrashlytics */,
				A2D4FB412AEC8C16001326A8 /* FirebaseDatabase */,
				A2D4FB432AEC8C16001326A8 /* FirebaseDatabaseSwift */,
				A2D4FB452AEC8C16001326A8 /* FirebaseDynamicLinks */,
				A2D4FB472AEC8C16001326A8 /* FirebaseFirestore */,
				A2D4FB492AEC8C16001326A8 /* FirebaseFirestoreCombine-Community */,
				A2D4FB4B2AEC8C16001326A8 /* FirebaseFirestoreSwift */,
				A2D4FB4D2AEC8C16001326A8 /* FirebaseFunctions */,
				A2D4FB4F2AEC8C16001326A8 /* FirebaseFunctionsCombine-Community */,
				A2D4FB512AEC8C16001326A8 /* FirebaseInAppMessaging-Beta */,
				A2D4FB532AEC8C16001326A8 /* FirebaseInAppMessagingSwift-Beta */,
				A2D4FB552AEC8C16001326A8 /* FirebaseInstallations */,
				A2D4FB572AEC8C16001326A8 /* FirebaseMLModelDownloader */,
				A2D4FB592AEC8C16001326A8 /* FirebaseMessaging */,
				A2D4FB5B2AEC8C16001326A8 /* FirebasePerformance */,
				A2D4FB5D2AEC8C16001326A8 /* FirebaseRemoteConfig */,
				A2D4FB5F2AEC8C16001326A8 /* FirebaseRemoteConfigSwift */,
				A2D4FB612AEC8C16001326A8 /* FirebaseStorage */,
				A2D4FB632AEC8C16001326A8 /* FirebaseStorageCombine-Community */,
				2DD136F02AFC479100C0FC77 /* SwipeActions */,
			);
			productName = COMP90018_APP;
			productReference = 003803D22AA968E2000BB3B1 /* COMP90018_APP.app */;
			productType = "com.apple.product-type.application";
		};
/* End PBXNativeTarget section */

/* Begin PBXProject section */
		003803CA2AA968E2000BB3B1 /* Project object */ = {
			isa = PBXProject;
			attributes = {
				BuildIndependentTargetsInParallel = 1;
				LastSwiftUpdateCheck = 1430;
				LastUpgradeCheck = 1430;
				TargetAttributes = {
					003803D12AA968E2000BB3B1 = {
						CreatedOnToolsVersion = 14.3.1;
					};
				};
			};
			buildConfigurationList = 003803CD2AA968E2000BB3B1 /* Build configuration list for PBXProject "COMP90018_APP" */;
			compatibilityVersion = "Xcode 14.0";
			developmentRegion = en;
			hasScannedForEncodings = 0;
			knownRegions = (
				en,
				Base,
			);
			mainGroup = 003803C92AA968E2000BB3B1;
			packageReferences = (
				A2027C602AB2DDB800BA5391 /* XCRemoteSwiftPackageReference "firebase-ios-sdk" */,
				A2027C692AB2DDED00BA5391 /* XCRemoteSwiftPackageReference "Kingfisher" */,
				2DD0A3062AD6918E009D612D /* XCRemoteSwiftPackageReference "SwiftUI-Flow" */,
				2DAC32722ADA3BE800BBE467 /* XCRemoteSwiftPackageReference "BSImagePicker" */,
				2DD136EF2AFC479100C0FC77 /* XCRemoteSwiftPackageReference "SwipeActions" */,
			);
			productRefGroup = 003803D32AA968E2000BB3B1 /* Products */;
			projectDirPath = "";
			projectRoot = "";
			targets = (
				003803D12AA968E2000BB3B1 /* COMP90018_APP */,
			);
		};
/* End PBXProject section */

/* Begin PBXResourcesBuildPhase section */
		003803D02AA968E2000BB3B1 /* Resources */ = {
			isa = PBXResourcesBuildPhase;
			buildActionMask = 2147483647;
			files = (
				A24B6D812AF88B2D00655A7F /* Launch Screen.storyboard in Resources */,
				003803DD2AA968E5000BB3B1 /* Preview Assets.xcassets in Resources */,
				003803DA2AA968E5000BB3B1 /* Assets.xcassets in Resources */,
				2DD346AE2AEBE5E8001F6A57 /* Settings.bundle in Resources */,
				2D5B978C2AE76E49008ED0A5 /* COMP90018-APP-Info.plist in Resources */,
				A219E3E22AE51B850082F991 /* GoogleService-Info.plist in Resources */,
			);
			runOnlyForDeploymentPostprocessing = 0;
		};
/* End PBXResourcesBuildPhase section */

/* Begin PBXSourcesBuildPhase section */
		003803CE2AA968E2000BB3B1 /* Sources */ = {
			isa = PBXSourcesBuildPhase;
			buildActionMask = 2147483647;
			files = (
				A2D4FAE42AEC8B92001326A8 /* LatestMessage.swift in Sources */,
				A2027C962AB2FA4800BA5391 /* FirebaseManager.swift in Sources */,
				2D65DA4E2AFB21AF00703782 /* TagPostsView.swift in Sources */,
				4787E6EE2AEBE94C00025D4A /* PostCollection.swift in Sources */,
				2D1890F22AE5F50A00B63D8F /* ImagePickerView.swift in Sources */,
				2D65DA442AEDFE4600703782 /* PostsMapView.swift in Sources */,
				A20A9FD02AB81927003833AA /* UserViewModel.swift in Sources */,
				A219E3DC2AE510B20082F991 /* ProfileSettingViewModel.swift in Sources */,
				A2AC2AF62AFB5F2600A33259 /* PrivacyManager.swift in Sources */,
				A2D4FB6A2AEC91B5001326A8 /* LatestMessageCompo.swift in Sources */,
				2DB04A5A2AECF41C00270DC5 /* SpeechRecognizerViewModel.swift in Sources */,
				A2027CCD2AB42B6400BA5391 /* CommentModel.swift in Sources */,
				003803D62AA968E2000BB3B1 /* COMP90018_APPApp.swift in Sources */,
				2DE1A5C12AB2C2EE000A2551 /* ProfileSetttingView.swift in Sources */,
				2DD346AA2AE913F7001F6A57 /* LocationViewModel.swift in Sources */,
				A2027C9A2AB3014F00BA5391 /* PostModel.swift in Sources */,
				474617942AE8EF2B003145A2 /* SinglePostViewModel.swift in Sources */,
				A2D4FB762AECA5AE001326A8 /* MessageView.swift in Sources */,
				A2D4FB662AEC8FDC001326A8 /* NewMessageCompo.swift in Sources */,
				2DE1A5C32AB2C562000A2551 /* SinglePostView.swift in Sources */,
				47B08A612AED1FDB006F32AF /* DeleteButtonComment.swift in Sources */,
				2DE1A5BD2AB2C297000A2551 /* SignView.swift in Sources */,
				A2D4FB6C2AEC9320001326A8 /* NewMessageViewModel.swift in Sources */,
				2DE1A5C72AB2CC0F000A2551 /* AddPostView.swift in Sources */,
				47B08A6C2AED2F75006F32AF /* CommentSection.swift in Sources */,
				A2D4FB702AEC9B94001326A8 /* ChatMainViewModel.swift in Sources */,
				2DE1A5BB2AB2C26E000A2551 /* ShakeView.swift in Sources */,
				2DE1A5B72AB2C1A3000A2551 /* WelcomeView.swift in Sources */,
				2DE1A5BF2AB2C2D7000A2551 /* ProfileView.swift in Sources */,
				A2AC2AF22AF9B85D00A33259 /* UserProfileViewModel.swift in Sources */,
				A2D4FB722AECA2A3001326A8 /* ChatMainView.swift in Sources */,
				47B013472AEE46BB00FD89B6 /* ProfileViewLikedModel.swift in Sources */,
				A2D4FB682AEC913C001326A8 /* MessageCompo.swift in Sources */,
				A2D4FAE22AEC8B51001326A8 /* MessageModel.swift in Sources */,
				A2D4FB6E2AEC9862001326A8 /* MessageViewModel.swift in Sources */,
				2DE1A5C52AB2CA68000A2551 /* TabMainView.swift in Sources */,
				47B08A652AED2DC1006F32AF /* PostPhotoView.swift in Sources */,
				A2AC2AF42AF9B87600A33259 /* UserProfileView.swift in Sources */,
				A2027CD52AB7D36000BA5391 /* ProfileViewModel.swift in Sources */,
				A20A9FCE2AB7F8D3003833AA /* TagModel.swift in Sources */,
				47B013492AEE473C00FD89B6 /* ProfileViewPostsModel.swift in Sources */,
				4787E6FD2AED1A8F00025D4A /* DeleteButtonPost.swift in Sources */,
				47B08A682AED2F03006F32AF /* SinglePostCommentButton.swift in Sources */,
				4787E6F42AEBEA9E00025D4A /* PostCollectionModel.swift in Sources */,
				4787E6FB2AED145900025D4A /* LikeButtonComment.swift in Sources */,
				EF78EE7C2AF75D5F0010F356 /* StringExtensions.swift in Sources */,
				A2027CD32AB7C85300BA5391 /* PostsViewModel.swift in Sources */,
				4787E6EA2AEBE10400025D4A /* PostCard.swift in Sources */,
				2D65DA4C2AF8B94400703782 /* FooterViewModifier.swift in Sources */,
				2DE1A5B92AB2C25D000A2551 /* PostsView.swift in Sources */,
				A2027C9C2AB304A100BA5391 /* UserModel.swift in Sources */,
				47B08A6E2AED2FA0006F32AF /* SingleComment.swift in Sources */,
				47D8C40B2AFA41FD002900AB /* ColorPalette.swift in Sources */,
				A2027CD12AB7035500BA5391 /* AddPostViewModel.swift in Sources */,
				4787E6F92AED143100025D4A /* LikeButtonPost.swift in Sources */,
				A2D4FB792AECA67A001326A8 /* NewMessageView.swift in Sources */,
				2D1890F42AE5F51000B63D8F /* KeyboardUtility.swift in Sources */,
				47B08A6A2AED2F4B006F32AF /* CommentTextField.swift in Sources */,
				A2027C982AB2FE1B00BA5391 /* LocationManager.swift in Sources */,
			);
			runOnlyForDeploymentPostprocessing = 0;
		};
/* End PBXSourcesBuildPhase section */

/* Begin XCBuildConfiguration section */
		003803DE2AA968E5000BB3B1 /* Debug */ = {
			isa = XCBuildConfiguration;
			buildSettings = {
				ALWAYS_SEARCH_USER_PATHS = NO;
				CLANG_ANALYZER_NONNULL = YES;
				CLANG_ANALYZER_NUMBER_OBJECT_CONVERSION = YES_AGGRESSIVE;
				CLANG_CXX_LANGUAGE_STANDARD = "gnu++20";
				CLANG_ENABLE_MODULES = YES;
				CLANG_ENABLE_OBJC_ARC = YES;
				CLANG_ENABLE_OBJC_WEAK = YES;
				CLANG_WARN_BLOCK_CAPTURE_AUTORELEASING = YES;
				CLANG_WARN_BOOL_CONVERSION = YES;
				CLANG_WARN_COMMA = YES;
				CLANG_WARN_CONSTANT_CONVERSION = YES;
				CLANG_WARN_DEPRECATED_OBJC_IMPLEMENTATIONS = YES;
				CLANG_WARN_DIRECT_OBJC_ISA_USAGE = YES_ERROR;
				CLANG_WARN_DOCUMENTATION_COMMENTS = YES;
				CLANG_WARN_EMPTY_BODY = YES;
				CLANG_WARN_ENUM_CONVERSION = YES;
				CLANG_WARN_INFINITE_RECURSION = YES;
				CLANG_WARN_INT_CONVERSION = YES;
				CLANG_WARN_NON_LITERAL_NULL_CONVERSION = YES;
				CLANG_WARN_OBJC_IMPLICIT_RETAIN_SELF = YES;
				CLANG_WARN_OBJC_LITERAL_CONVERSION = YES;
				CLANG_WARN_OBJC_ROOT_CLASS = YES_ERROR;
				CLANG_WARN_QUOTED_INCLUDE_IN_FRAMEWORK_HEADER = YES;
				CLANG_WARN_RANGE_LOOP_ANALYSIS = YES;
				CLANG_WARN_STRICT_PROTOTYPES = YES;
				CLANG_WARN_SUSPICIOUS_MOVE = YES;
				CLANG_WARN_UNGUARDED_AVAILABILITY = YES_AGGRESSIVE;
				CLANG_WARN_UNREACHABLE_CODE = YES;
				CLANG_WARN__DUPLICATE_METHOD_MATCH = YES;
				COPY_PHASE_STRIP = NO;
				DEBUG_INFORMATION_FORMAT = dwarf;
				ENABLE_STRICT_OBJC_MSGSEND = YES;
				ENABLE_TESTABILITY = YES;
				GCC_C_LANGUAGE_STANDARD = gnu11;
				GCC_DYNAMIC_NO_PIC = NO;
				GCC_NO_COMMON_BLOCKS = YES;
				GCC_OPTIMIZATION_LEVEL = 0;
				GCC_PREPROCESSOR_DEFINITIONS = (
					"DEBUG=1",
					"$(inherited)",
				);
				GCC_WARN_64_TO_32_BIT_CONVERSION = YES;
				GCC_WARN_ABOUT_RETURN_TYPE = YES_ERROR;
				GCC_WARN_UNDECLARED_SELECTOR = YES;
				GCC_WARN_UNINITIALIZED_AUTOS = YES_AGGRESSIVE;
				GCC_WARN_UNUSED_FUNCTION = YES;
				GCC_WARN_UNUSED_VARIABLE = YES;
				IPHONEOS_DEPLOYMENT_TARGET = 16.4;
				MTL_ENABLE_DEBUG_INFO = INCLUDE_SOURCE;
				MTL_FAST_MATH = YES;
				ONLY_ACTIVE_ARCH = YES;
				SDKROOT = iphoneos;
				SWIFT_ACTIVE_COMPILATION_CONDITIONS = DEBUG;
				SWIFT_OPTIMIZATION_LEVEL = "-Onone";
			};
			name = Debug;
		};
		003803DF2AA968E5000BB3B1 /* Release */ = {
			isa = XCBuildConfiguration;
			buildSettings = {
				ALWAYS_SEARCH_USER_PATHS = NO;
				CLANG_ANALYZER_NONNULL = YES;
				CLANG_ANALYZER_NUMBER_OBJECT_CONVERSION = YES_AGGRESSIVE;
				CLANG_CXX_LANGUAGE_STANDARD = "gnu++20";
				CLANG_ENABLE_MODULES = YES;
				CLANG_ENABLE_OBJC_ARC = YES;
				CLANG_ENABLE_OBJC_WEAK = YES;
				CLANG_WARN_BLOCK_CAPTURE_AUTORELEASING = YES;
				CLANG_WARN_BOOL_CONVERSION = YES;
				CLANG_WARN_COMMA = YES;
				CLANG_WARN_CONSTANT_CONVERSION = YES;
				CLANG_WARN_DEPRECATED_OBJC_IMPLEMENTATIONS = YES;
				CLANG_WARN_DIRECT_OBJC_ISA_USAGE = YES_ERROR;
				CLANG_WARN_DOCUMENTATION_COMMENTS = YES;
				CLANG_WARN_EMPTY_BODY = YES;
				CLANG_WARN_ENUM_CONVERSION = YES;
				CLANG_WARN_INFINITE_RECURSION = YES;
				CLANG_WARN_INT_CONVERSION = YES;
				CLANG_WARN_NON_LITERAL_NULL_CONVERSION = YES;
				CLANG_WARN_OBJC_IMPLICIT_RETAIN_SELF = YES;
				CLANG_WARN_OBJC_LITERAL_CONVERSION = YES;
				CLANG_WARN_OBJC_ROOT_CLASS = YES_ERROR;
				CLANG_WARN_QUOTED_INCLUDE_IN_FRAMEWORK_HEADER = YES;
				CLANG_WARN_RANGE_LOOP_ANALYSIS = YES;
				CLANG_WARN_STRICT_PROTOTYPES = YES;
				CLANG_WARN_SUSPICIOUS_MOVE = YES;
				CLANG_WARN_UNGUARDED_AVAILABILITY = YES_AGGRESSIVE;
				CLANG_WARN_UNREACHABLE_CODE = YES;
				CLANG_WARN__DUPLICATE_METHOD_MATCH = YES;
				COPY_PHASE_STRIP = NO;
				DEBUG_INFORMATION_FORMAT = "dwarf-with-dsym";
				ENABLE_NS_ASSERTIONS = NO;
				ENABLE_STRICT_OBJC_MSGSEND = YES;
				GCC_C_LANGUAGE_STANDARD = gnu11;
				GCC_NO_COMMON_BLOCKS = YES;
				GCC_WARN_64_TO_32_BIT_CONVERSION = YES;
				GCC_WARN_ABOUT_RETURN_TYPE = YES_ERROR;
				GCC_WARN_UNDECLARED_SELECTOR = YES;
				GCC_WARN_UNINITIALIZED_AUTOS = YES_AGGRESSIVE;
				GCC_WARN_UNUSED_FUNCTION = YES;
				GCC_WARN_UNUSED_VARIABLE = YES;
				IPHONEOS_DEPLOYMENT_TARGET = 16.4;
				MTL_ENABLE_DEBUG_INFO = NO;
				MTL_FAST_MATH = YES;
				SDKROOT = iphoneos;
				SWIFT_COMPILATION_MODE = wholemodule;
				SWIFT_OPTIMIZATION_LEVEL = "-O";
				VALIDATE_PRODUCT = YES;
			};
			name = Release;
		};
		003803E12AA968E5000BB3B1 /* Debug */ = {
			isa = XCBuildConfiguration;
			buildSettings = {
				ASSETCATALOG_COMPILER_APPICON_NAME = AppIcon;
				ASSETCATALOG_COMPILER_GLOBAL_ACCENT_COLOR_NAME = AccentColor;
				CODE_SIGN_STYLE = Automatic;
				CURRENT_PROJECT_VERSION = 1;
				DEVELOPMENT_ASSET_PATHS = "\"COMP90018_APP/Preview Content\"";
				DEVELOPMENT_TEAM = BP5V2KJJ9F;
				ENABLE_PREVIEWS = YES;
				GENERATE_INFOPLIST_FILE = YES;
				INFOPLIST_FILE = "COMP90018-APP-Info.plist";
				INFOPLIST_KEY_CFBundleDisplayName = What2Eat;
				INFOPLIST_KEY_NSCameraUsageDescription = "I want to access your camera?";
				INFOPLIST_KEY_NSLocationAlwaysAndWhenInUseUsageDescription = "We need access to your location to provide accurate data.";
				INFOPLIST_KEY_NSLocationAlwaysUsageDescription = "We need access to your location to provide accurate data.";
				INFOPLIST_KEY_NSLocationWhenInUseUsageDescription = "We need access to your location to provide accurate data.";
				INFOPLIST_KEY_NSMicrophoneUsageDescription = "We need access to your micropho to enable voice control";
				INFOPLIST_KEY_NSPhotoLibraryAddUsageDescription = "Add to your photos!";
				INFOPLIST_KEY_NSPhotoLibraryUsageDescription = "Use your photos!";
				INFOPLIST_KEY_NSSpeechRecognitionUsageDescription = "We need access to your speech recognition to enable voice control";
				INFOPLIST_KEY_UIApplicationSceneManifest_Generation = YES;
				INFOPLIST_KEY_UIApplicationSupportsIndirectInputEvents = YES;
				INFOPLIST_KEY_UILaunchScreen_Generation = YES;
				INFOPLIST_KEY_UILaunchStoryboardName = "Launch Screen.storyboard";
				INFOPLIST_KEY_UISupportedInterfaceOrientations_iPad = "UIInterfaceOrientationPortrait UIInterfaceOrientationPortraitUpsideDown UIInterfaceOrientationLandscapeLeft UIInterfaceOrientationLandscapeRight";
				INFOPLIST_KEY_UISupportedInterfaceOrientations_iPhone = "UIInterfaceOrientationPortrait UIInterfaceOrientationLandscapeLeft UIInterfaceOrientationLandscapeRight";
				LD_RUNPATH_SEARCH_PATHS = (
					"$(inherited)",
					"@executable_path/Frameworks",
				);
				MARKETING_VERSION = 1.0;
				PRODUCT_BUNDLE_IDENTIFIER = "COMP90018.COMP90018-APP-Anson2";
				PRODUCT_NAME = "$(TARGET_NAME)";
				SWIFT_EMIT_LOC_STRINGS = YES;
				SWIFT_VERSION = 5.0;
				TARGETED_DEVICE_FAMILY = "1,2";
			};
			name = Debug;
		};
		003803E22AA968E5000BB3B1 /* Release */ = {
			isa = XCBuildConfiguration;
			buildSettings = {
				ASSETCATALOG_COMPILER_APPICON_NAME = AppIcon;
				ASSETCATALOG_COMPILER_GLOBAL_ACCENT_COLOR_NAME = AccentColor;
				CODE_SIGN_STYLE = Automatic;
				CURRENT_PROJECT_VERSION = 1;
				DEVELOPMENT_ASSET_PATHS = "\"COMP90018_APP/Preview Content\"";
				DEVELOPMENT_TEAM = BP5V2KJJ9F;
				ENABLE_PREVIEWS = YES;
				GENERATE_INFOPLIST_FILE = YES;
				INFOPLIST_FILE = "COMP90018-APP-Info.plist";
				INFOPLIST_KEY_CFBundleDisplayName = What2Eat;
				INFOPLIST_KEY_NSCameraUsageDescription = "I want to access your camera?";
				INFOPLIST_KEY_NSLocationAlwaysAndWhenInUseUsageDescription = "We need access to your location to provide accurate data.";
				INFOPLIST_KEY_NSLocationAlwaysUsageDescription = "We need access to your location to provide accurate data.";
				INFOPLIST_KEY_NSLocationWhenInUseUsageDescription = "We need access to your location to provide accurate data.";
				INFOPLIST_KEY_NSMicrophoneUsageDescription = "We need access to your micropho to enable voice control";
				INFOPLIST_KEY_NSPhotoLibraryAddUsageDescription = "Add to your photos!";
				INFOPLIST_KEY_NSPhotoLibraryUsageDescription = "Use your photos!";
				INFOPLIST_KEY_NSSpeechRecognitionUsageDescription = "We need access to your speech recognition to enable voice control";
				INFOPLIST_KEY_UIApplicationSceneManifest_Generation = YES;
				INFOPLIST_KEY_UIApplicationSupportsIndirectInputEvents = YES;
				INFOPLIST_KEY_UILaunchScreen_Generation = YES;
				INFOPLIST_KEY_UILaunchStoryboardName = "Launch Screen.storyboard";
				INFOPLIST_KEY_UISupportedInterfaceOrientations_iPad = "UIInterfaceOrientationPortrait UIInterfaceOrientationPortraitUpsideDown UIInterfaceOrientationLandscapeLeft UIInterfaceOrientationLandscapeRight";
				INFOPLIST_KEY_UISupportedInterfaceOrientations_iPhone = "UIInterfaceOrientationPortrait UIInterfaceOrientationLandscapeLeft UIInterfaceOrientationLandscapeRight";
				LD_RUNPATH_SEARCH_PATHS = (
					"$(inherited)",
					"@executable_path/Frameworks",
				);
				MARKETING_VERSION = 1.0;
				PRODUCT_BUNDLE_IDENTIFIER = "COMP90018.COMP90018-APP-Anson2";
				PRODUCT_NAME = "$(TARGET_NAME)";
				SWIFT_EMIT_LOC_STRINGS = YES;
				SWIFT_VERSION = 5.0;
				TARGETED_DEVICE_FAMILY = "1,2";
			};
			name = Release;
		};
/* End XCBuildConfiguration section */

/* Begin XCConfigurationList section */
		003803CD2AA968E2000BB3B1 /* Build configuration list for PBXProject "COMP90018_APP" */ = {
			isa = XCConfigurationList;
			buildConfigurations = (
				003803DE2AA968E5000BB3B1 /* Debug */,
				003803DF2AA968E5000BB3B1 /* Release */,
			);
			defaultConfigurationIsVisible = 0;
			defaultConfigurationName = Release;
		};
		003803E02AA968E5000BB3B1 /* Build configuration list for PBXNativeTarget "COMP90018_APP" */ = {
			isa = XCConfigurationList;
			buildConfigurations = (
				003803E12AA968E5000BB3B1 /* Debug */,
				003803E22AA968E5000BB3B1 /* Release */,
			);
			defaultConfigurationIsVisible = 0;
			defaultConfigurationName = Release;
		};
/* End XCConfigurationList section */

/* Begin XCRemoteSwiftPackageReference section */
		2DAC32722ADA3BE800BBE467 /* XCRemoteSwiftPackageReference "BSImagePicker" */ = {
			isa = XCRemoteSwiftPackageReference;
			repositoryURL = "https://github.com/mikaoj/BSImagePicker.git";
			requirement = {
				kind = upToNextMajorVersion;
				minimumVersion = 3.0.0;
			};
		};
		2DD0A3062AD6918E009D612D /* XCRemoteSwiftPackageReference "SwiftUI-Flow" */ = {
			isa = XCRemoteSwiftPackageReference;
			repositoryURL = "https://github.com/tevelee/SwiftUI-Flow";
			requirement = {
				kind = upToNextMajorVersion;
				minimumVersion = 1.0.0;
			};
		};
		2DD136EF2AFC479100C0FC77 /* XCRemoteSwiftPackageReference "SwipeActions" */ = {
			isa = XCRemoteSwiftPackageReference;
			repositoryURL = "https://github.com/Majekdor/SwipeActions";
			requirement = {
				branch = main;
				kind = branch;
			};
		};
		A2027C602AB2DDB800BA5391 /* XCRemoteSwiftPackageReference "firebase-ios-sdk" */ = {
			isa = XCRemoteSwiftPackageReference;
			repositoryURL = "https://github.com/firebase/firebase-ios-sdk.git";
			requirement = {
				kind = upToNextMajorVersion;
				minimumVersion = 10.0.0;
			};
		};
		A2027C692AB2DDED00BA5391 /* XCRemoteSwiftPackageReference "Kingfisher" */ = {
			isa = XCRemoteSwiftPackageReference;
			repositoryURL = "https://github.com/onevcat/Kingfisher.git";
			requirement = {
				kind = upToNextMajorVersion;
				minimumVersion = 7.0.0;
			};
		};
/* End XCRemoteSwiftPackageReference section */

/* Begin XCSwiftPackageProductDependency section */
		2DAC32732ADA3BE800BBE467 /* BSImagePicker */ = {
			isa = XCSwiftPackageProductDependency;
			package = 2DAC32722ADA3BE800BBE467 /* XCRemoteSwiftPackageReference "BSImagePicker" */;
			productName = BSImagePicker;
		};
		2DD0A3072AD6918E009D612D /* Flow */ = {
			isa = XCSwiftPackageProductDependency;
			package = 2DD0A3062AD6918E009D612D /* XCRemoteSwiftPackageReference "SwiftUI-Flow" */;
			productName = Flow;
		};
		2DD0A3092AD6918E009D612D /* Renderer */ = {
			isa = XCSwiftPackageProductDependency;
			package = 2DD0A3062AD6918E009D612D /* XCRemoteSwiftPackageReference "SwiftUI-Flow" */;
			productName = Renderer;
		};
		2DD136F02AFC479100C0FC77 /* SwipeActions */ = {
			isa = XCSwiftPackageProductDependency;
			package = 2DD136EF2AFC479100C0FC77 /* XCRemoteSwiftPackageReference "SwipeActions" */;
			productName = SwipeActions;
		};
		A2027C612AB2DDB800BA5391 /* FirebaseAuth */ = {
			isa = XCSwiftPackageProductDependency;
			package = A2027C602AB2DDB800BA5391 /* XCRemoteSwiftPackageReference "firebase-ios-sdk" */;
			productName = FirebaseAuth;
		};
		A2027C632AB2DDB800BA5391 /* FirebaseDatabaseSwift */ = {
			isa = XCSwiftPackageProductDependency;
			package = A2027C602AB2DDB800BA5391 /* XCRemoteSwiftPackageReference "firebase-ios-sdk" */;
			productName = FirebaseDatabaseSwift;
		};
		A2027C652AB2DDB800BA5391 /* FirebaseFirestore */ = {
			isa = XCSwiftPackageProductDependency;
			package = A2027C602AB2DDB800BA5391 /* XCRemoteSwiftPackageReference "firebase-ios-sdk" */;
			productName = FirebaseFirestore;
		};
		A2027C672AB2DDB800BA5391 /* FirebaseStorage */ = {
			isa = XCSwiftPackageProductDependency;
			package = A2027C602AB2DDB800BA5391 /* XCRemoteSwiftPackageReference "firebase-ios-sdk" */;
			productName = FirebaseStorage;
		};
		A2027C6A2AB2DDED00BA5391 /* Kingfisher */ = {
			isa = XCSwiftPackageProductDependency;
			package = A2027C692AB2DDED00BA5391 /* XCRemoteSwiftPackageReference "Kingfisher" */;
			productName = Kingfisher;
		};
		A2D4FAE52AEC8BCA001326A8 /* FirebaseAnalytics */ = {
			isa = XCSwiftPackageProductDependency;
			package = A2027C602AB2DDB800BA5391 /* XCRemoteSwiftPackageReference "firebase-ios-sdk" */;
			productName = FirebaseAnalytics;
		};
		A2D4FAE72AEC8BCA001326A8 /* FirebaseAnalyticsOnDeviceConversion */ = {
			isa = XCSwiftPackageProductDependency;
			package = A2027C602AB2DDB800BA5391 /* XCRemoteSwiftPackageReference "firebase-ios-sdk" */;
			productName = FirebaseAnalyticsOnDeviceConversion;
		};
		A2D4FAE92AEC8BCA001326A8 /* FirebaseAnalyticsSwift */ = {
			isa = XCSwiftPackageProductDependency;
			package = A2027C602AB2DDB800BA5391 /* XCRemoteSwiftPackageReference "firebase-ios-sdk" */;
			productName = FirebaseAnalyticsSwift;
		};
		A2D4FAEB2AEC8BCA001326A8 /* FirebaseAnalyticsWithoutAdIdSupport */ = {
			isa = XCSwiftPackageProductDependency;
			package = A2027C602AB2DDB800BA5391 /* XCRemoteSwiftPackageReference "firebase-ios-sdk" */;
			productName = FirebaseAnalyticsWithoutAdIdSupport;
		};
		A2D4FAED2AEC8BCA001326A8 /* FirebaseAppCheck */ = {
			isa = XCSwiftPackageProductDependency;
			package = A2027C602AB2DDB800BA5391 /* XCRemoteSwiftPackageReference "firebase-ios-sdk" */;
			productName = FirebaseAppCheck;
		};
		A2D4FAEF2AEC8BCA001326A8 /* FirebaseAppDistribution-Beta */ = {
			isa = XCSwiftPackageProductDependency;
			package = A2027C602AB2DDB800BA5391 /* XCRemoteSwiftPackageReference "firebase-ios-sdk" */;
			productName = "FirebaseAppDistribution-Beta";
		};
		A2D4FAF12AEC8BCA001326A8 /* FirebaseAuth */ = {
			isa = XCSwiftPackageProductDependency;
			package = A2027C602AB2DDB800BA5391 /* XCRemoteSwiftPackageReference "firebase-ios-sdk" */;
			productName = FirebaseAuth;
		};
		A2D4FAF32AEC8BCA001326A8 /* FirebaseAuthCombine-Community */ = {
			isa = XCSwiftPackageProductDependency;
			package = A2027C602AB2DDB800BA5391 /* XCRemoteSwiftPackageReference "firebase-ios-sdk" */;
			productName = "FirebaseAuthCombine-Community";
		};
		A2D4FAF52AEC8BCA001326A8 /* FirebaseCrashlytics */ = {
			isa = XCSwiftPackageProductDependency;
			package = A2027C602AB2DDB800BA5391 /* XCRemoteSwiftPackageReference "firebase-ios-sdk" */;
			productName = FirebaseCrashlytics;
		};
		A2D4FAF72AEC8BCA001326A8 /* FirebaseDatabase */ = {
			isa = XCSwiftPackageProductDependency;
			package = A2027C602AB2DDB800BA5391 /* XCRemoteSwiftPackageReference "firebase-ios-sdk" */;
			productName = FirebaseDatabase;
		};
		A2D4FAF92AEC8BE7001326A8 /* FirebaseAnalytics */ = {
			isa = XCSwiftPackageProductDependency;
			package = A2027C602AB2DDB800BA5391 /* XCRemoteSwiftPackageReference "firebase-ios-sdk" */;
			productName = FirebaseAnalytics;
		};
		A2D4FAFB2AEC8BE7001326A8 /* FirebaseAnalyticsOnDeviceConversion */ = {
			isa = XCSwiftPackageProductDependency;
			package = A2027C602AB2DDB800BA5391 /* XCRemoteSwiftPackageReference "firebase-ios-sdk" */;
			productName = FirebaseAnalyticsOnDeviceConversion;
		};
		A2D4FAFD2AEC8BE7001326A8 /* FirebaseAnalyticsSwift */ = {
			isa = XCSwiftPackageProductDependency;
			package = A2027C602AB2DDB800BA5391 /* XCRemoteSwiftPackageReference "firebase-ios-sdk" */;
			productName = FirebaseAnalyticsSwift;
		};
		A2D4FAFF2AEC8BE7001326A8 /* FirebaseAnalyticsWithoutAdIdSupport */ = {
			isa = XCSwiftPackageProductDependency;
			package = A2027C602AB2DDB800BA5391 /* XCRemoteSwiftPackageReference "firebase-ios-sdk" */;
			productName = FirebaseAnalyticsWithoutAdIdSupport;
		};
		A2D4FB012AEC8BE7001326A8 /* FirebaseAppCheck */ = {
			isa = XCSwiftPackageProductDependency;
			package = A2027C602AB2DDB800BA5391 /* XCRemoteSwiftPackageReference "firebase-ios-sdk" */;
			productName = FirebaseAppCheck;
		};
		A2D4FB032AEC8BE7001326A8 /* FirebaseAppDistribution-Beta */ = {
			isa = XCSwiftPackageProductDependency;
			package = A2027C602AB2DDB800BA5391 /* XCRemoteSwiftPackageReference "firebase-ios-sdk" */;
			productName = "FirebaseAppDistribution-Beta";
		};
		A2D4FB052AEC8BE7001326A8 /* FirebaseAuth */ = {
			isa = XCSwiftPackageProductDependency;
			package = A2027C602AB2DDB800BA5391 /* XCRemoteSwiftPackageReference "firebase-ios-sdk" */;
			productName = FirebaseAuth;
		};
		A2D4FB072AEC8BE7001326A8 /* FirebaseAuthCombine-Community */ = {
			isa = XCSwiftPackageProductDependency;
			package = A2027C602AB2DDB800BA5391 /* XCRemoteSwiftPackageReference "firebase-ios-sdk" */;
			productName = "FirebaseAuthCombine-Community";
		};
		A2D4FB092AEC8BE7001326A8 /* FirebaseCrashlytics */ = {
			isa = XCSwiftPackageProductDependency;
			package = A2027C602AB2DDB800BA5391 /* XCRemoteSwiftPackageReference "firebase-ios-sdk" */;
			productName = FirebaseCrashlytics;
		};
		A2D4FB0B2AEC8BE7001326A8 /* FirebaseDatabase */ = {
			isa = XCSwiftPackageProductDependency;
			package = A2027C602AB2DDB800BA5391 /* XCRemoteSwiftPackageReference "firebase-ios-sdk" */;
			productName = FirebaseDatabase;
		};
		A2D4FB0D2AEC8BE7001326A8 /* FirebaseDatabaseSwift */ = {
			isa = XCSwiftPackageProductDependency;
			package = A2027C602AB2DDB800BA5391 /* XCRemoteSwiftPackageReference "firebase-ios-sdk" */;
			productName = FirebaseDatabaseSwift;
		};
		A2D4FB0F2AEC8BE7001326A8 /* FirebaseDynamicLinks */ = {
			isa = XCSwiftPackageProductDependency;
			package = A2027C602AB2DDB800BA5391 /* XCRemoteSwiftPackageReference "firebase-ios-sdk" */;
			productName = FirebaseDynamicLinks;
		};
		A2D4FB112AEC8BE7001326A8 /* FirebaseFirestore */ = {
			isa = XCSwiftPackageProductDependency;
			package = A2027C602AB2DDB800BA5391 /* XCRemoteSwiftPackageReference "firebase-ios-sdk" */;
			productName = FirebaseFirestore;
		};
		A2D4FB132AEC8BE7001326A8 /* FirebaseFirestoreCombine-Community */ = {
			isa = XCSwiftPackageProductDependency;
			package = A2027C602AB2DDB800BA5391 /* XCRemoteSwiftPackageReference "firebase-ios-sdk" */;
			productName = "FirebaseFirestoreCombine-Community";
		};
		A2D4FB152AEC8BE7001326A8 /* FirebaseFirestoreSwift */ = {
			isa = XCSwiftPackageProductDependency;
			package = A2027C602AB2DDB800BA5391 /* XCRemoteSwiftPackageReference "firebase-ios-sdk" */;
			productName = FirebaseFirestoreSwift;
		};
		A2D4FB172AEC8BE7001326A8 /* FirebaseFunctions */ = {
			isa = XCSwiftPackageProductDependency;
			package = A2027C602AB2DDB800BA5391 /* XCRemoteSwiftPackageReference "firebase-ios-sdk" */;
			productName = FirebaseFunctions;
		};
		A2D4FB192AEC8BE7001326A8 /* FirebaseFunctionsCombine-Community */ = {
			isa = XCSwiftPackageProductDependency;
			package = A2027C602AB2DDB800BA5391 /* XCRemoteSwiftPackageReference "firebase-ios-sdk" */;
			productName = "FirebaseFunctionsCombine-Community";
		};
		A2D4FB1B2AEC8BE7001326A8 /* FirebaseInAppMessaging-Beta */ = {
			isa = XCSwiftPackageProductDependency;
			package = A2027C602AB2DDB800BA5391 /* XCRemoteSwiftPackageReference "firebase-ios-sdk" */;
			productName = "FirebaseInAppMessaging-Beta";
		};
		A2D4FB1D2AEC8BE7001326A8 /* FirebaseInAppMessagingSwift-Beta */ = {
			isa = XCSwiftPackageProductDependency;
			package = A2027C602AB2DDB800BA5391 /* XCRemoteSwiftPackageReference "firebase-ios-sdk" */;
			productName = "FirebaseInAppMessagingSwift-Beta";
		};
		A2D4FB1F2AEC8BE7001326A8 /* FirebaseInstallations */ = {
			isa = XCSwiftPackageProductDependency;
			package = A2027C602AB2DDB800BA5391 /* XCRemoteSwiftPackageReference "firebase-ios-sdk" */;
			productName = FirebaseInstallations;
		};
		A2D4FB212AEC8BE7001326A8 /* FirebaseMLModelDownloader */ = {
			isa = XCSwiftPackageProductDependency;
			package = A2027C602AB2DDB800BA5391 /* XCRemoteSwiftPackageReference "firebase-ios-sdk" */;
			productName = FirebaseMLModelDownloader;
		};
		A2D4FB232AEC8BE7001326A8 /* FirebaseMessaging */ = {
			isa = XCSwiftPackageProductDependency;
			package = A2027C602AB2DDB800BA5391 /* XCRemoteSwiftPackageReference "firebase-ios-sdk" */;
			productName = FirebaseMessaging;
		};
		A2D4FB252AEC8BE7001326A8 /* FirebasePerformance */ = {
			isa = XCSwiftPackageProductDependency;
			package = A2027C602AB2DDB800BA5391 /* XCRemoteSwiftPackageReference "firebase-ios-sdk" */;
			productName = FirebasePerformance;
		};
		A2D4FB272AEC8BE7001326A8 /* FirebaseRemoteConfig */ = {
			isa = XCSwiftPackageProductDependency;
			package = A2027C602AB2DDB800BA5391 /* XCRemoteSwiftPackageReference "firebase-ios-sdk" */;
			productName = FirebaseRemoteConfig;
		};
		A2D4FB292AEC8BE7001326A8 /* FirebaseRemoteConfigSwift */ = {
			isa = XCSwiftPackageProductDependency;
			package = A2027C602AB2DDB800BA5391 /* XCRemoteSwiftPackageReference "firebase-ios-sdk" */;
			productName = FirebaseRemoteConfigSwift;
		};
		A2D4FB2B2AEC8BE7001326A8 /* FirebaseStorage */ = {
			isa = XCSwiftPackageProductDependency;
			package = A2027C602AB2DDB800BA5391 /* XCRemoteSwiftPackageReference "firebase-ios-sdk" */;
			productName = FirebaseStorage;
		};
		A2D4FB2D2AEC8BE7001326A8 /* FirebaseStorageCombine-Community */ = {
			isa = XCSwiftPackageProductDependency;
			package = A2027C602AB2DDB800BA5391 /* XCRemoteSwiftPackageReference "firebase-ios-sdk" */;
			productName = "FirebaseStorageCombine-Community";
		};
		A2D4FB2F2AEC8C16001326A8 /* FirebaseAnalytics */ = {
			isa = XCSwiftPackageProductDependency;
			package = A2027C602AB2DDB800BA5391 /* XCRemoteSwiftPackageReference "firebase-ios-sdk" */;
			productName = FirebaseAnalytics;
		};
		A2D4FB312AEC8C16001326A8 /* FirebaseAnalyticsOnDeviceConversion */ = {
			isa = XCSwiftPackageProductDependency;
			package = A2027C602AB2DDB800BA5391 /* XCRemoteSwiftPackageReference "firebase-ios-sdk" */;
			productName = FirebaseAnalyticsOnDeviceConversion;
		};
		A2D4FB332AEC8C16001326A8 /* FirebaseAnalyticsSwift */ = {
			isa = XCSwiftPackageProductDependency;
			package = A2027C602AB2DDB800BA5391 /* XCRemoteSwiftPackageReference "firebase-ios-sdk" */;
			productName = FirebaseAnalyticsSwift;
		};
		A2D4FB352AEC8C16001326A8 /* FirebaseAnalyticsWithoutAdIdSupport */ = {
			isa = XCSwiftPackageProductDependency;
			package = A2027C602AB2DDB800BA5391 /* XCRemoteSwiftPackageReference "firebase-ios-sdk" */;
			productName = FirebaseAnalyticsWithoutAdIdSupport;
		};
		A2D4FB372AEC8C16001326A8 /* FirebaseAppCheck */ = {
			isa = XCSwiftPackageProductDependency;
			package = A2027C602AB2DDB800BA5391 /* XCRemoteSwiftPackageReference "firebase-ios-sdk" */;
			productName = FirebaseAppCheck;
		};
		A2D4FB392AEC8C16001326A8 /* FirebaseAppDistribution-Beta */ = {
			isa = XCSwiftPackageProductDependency;
			package = A2027C602AB2DDB800BA5391 /* XCRemoteSwiftPackageReference "firebase-ios-sdk" */;
			productName = "FirebaseAppDistribution-Beta";
		};
		A2D4FB3B2AEC8C16001326A8 /* FirebaseAuth */ = {
			isa = XCSwiftPackageProductDependency;
			package = A2027C602AB2DDB800BA5391 /* XCRemoteSwiftPackageReference "firebase-ios-sdk" */;
			productName = FirebaseAuth;
		};
		A2D4FB3D2AEC8C16001326A8 /* FirebaseAuthCombine-Community */ = {
			isa = XCSwiftPackageProductDependency;
			package = A2027C602AB2DDB800BA5391 /* XCRemoteSwiftPackageReference "firebase-ios-sdk" */;
			productName = "FirebaseAuthCombine-Community";
		};
		A2D4FB3F2AEC8C16001326A8 /* FirebaseCrashlytics */ = {
			isa = XCSwiftPackageProductDependency;
			package = A2027C602AB2DDB800BA5391 /* XCRemoteSwiftPackageReference "firebase-ios-sdk" */;
			productName = FirebaseCrashlytics;
		};
		A2D4FB412AEC8C16001326A8 /* FirebaseDatabase */ = {
			isa = XCSwiftPackageProductDependency;
			package = A2027C602AB2DDB800BA5391 /* XCRemoteSwiftPackageReference "firebase-ios-sdk" */;
			productName = FirebaseDatabase;
		};
		A2D4FB432AEC8C16001326A8 /* FirebaseDatabaseSwift */ = {
			isa = XCSwiftPackageProductDependency;
			package = A2027C602AB2DDB800BA5391 /* XCRemoteSwiftPackageReference "firebase-ios-sdk" */;
			productName = FirebaseDatabaseSwift;
		};
		A2D4FB452AEC8C16001326A8 /* FirebaseDynamicLinks */ = {
			isa = XCSwiftPackageProductDependency;
			package = A2027C602AB2DDB800BA5391 /* XCRemoteSwiftPackageReference "firebase-ios-sdk" */;
			productName = FirebaseDynamicLinks;
		};
		A2D4FB472AEC8C16001326A8 /* FirebaseFirestore */ = {
			isa = XCSwiftPackageProductDependency;
			package = A2027C602AB2DDB800BA5391 /* XCRemoteSwiftPackageReference "firebase-ios-sdk" */;
			productName = FirebaseFirestore;
		};
		A2D4FB492AEC8C16001326A8 /* FirebaseFirestoreCombine-Community */ = {
			isa = XCSwiftPackageProductDependency;
			package = A2027C602AB2DDB800BA5391 /* XCRemoteSwiftPackageReference "firebase-ios-sdk" */;
			productName = "FirebaseFirestoreCombine-Community";
		};
		A2D4FB4B2AEC8C16001326A8 /* FirebaseFirestoreSwift */ = {
			isa = XCSwiftPackageProductDependency;
			package = A2027C602AB2DDB800BA5391 /* XCRemoteSwiftPackageReference "firebase-ios-sdk" */;
			productName = FirebaseFirestoreSwift;
		};
		A2D4FB4D2AEC8C16001326A8 /* FirebaseFunctions */ = {
			isa = XCSwiftPackageProductDependency;
			package = A2027C602AB2DDB800BA5391 /* XCRemoteSwiftPackageReference "firebase-ios-sdk" */;
			productName = FirebaseFunctions;
		};
		A2D4FB4F2AEC8C16001326A8 /* FirebaseFunctionsCombine-Community */ = {
			isa = XCSwiftPackageProductDependency;
			package = A2027C602AB2DDB800BA5391 /* XCRemoteSwiftPackageReference "firebase-ios-sdk" */;
			productName = "FirebaseFunctionsCombine-Community";
		};
		A2D4FB512AEC8C16001326A8 /* FirebaseInAppMessaging-Beta */ = {
			isa = XCSwiftPackageProductDependency;
			package = A2027C602AB2DDB800BA5391 /* XCRemoteSwiftPackageReference "firebase-ios-sdk" */;
			productName = "FirebaseInAppMessaging-Beta";
		};
		A2D4FB532AEC8C16001326A8 /* FirebaseInAppMessagingSwift-Beta */ = {
			isa = XCSwiftPackageProductDependency;
			package = A2027C602AB2DDB800BA5391 /* XCRemoteSwiftPackageReference "firebase-ios-sdk" */;
			productName = "FirebaseInAppMessagingSwift-Beta";
		};
		A2D4FB552AEC8C16001326A8 /* FirebaseInstallations */ = {
			isa = XCSwiftPackageProductDependency;
			package = A2027C602AB2DDB800BA5391 /* XCRemoteSwiftPackageReference "firebase-ios-sdk" */;
			productName = FirebaseInstallations;
		};
		A2D4FB572AEC8C16001326A8 /* FirebaseMLModelDownloader */ = {
			isa = XCSwiftPackageProductDependency;
			package = A2027C602AB2DDB800BA5391 /* XCRemoteSwiftPackageReference "firebase-ios-sdk" */;
			productName = FirebaseMLModelDownloader;
		};
		A2D4FB592AEC8C16001326A8 /* FirebaseMessaging */ = {
			isa = XCSwiftPackageProductDependency;
			package = A2027C602AB2DDB800BA5391 /* XCRemoteSwiftPackageReference "firebase-ios-sdk" */;
			productName = FirebaseMessaging;
		};
		A2D4FB5B2AEC8C16001326A8 /* FirebasePerformance */ = {
			isa = XCSwiftPackageProductDependency;
			package = A2027C602AB2DDB800BA5391 /* XCRemoteSwiftPackageReference "firebase-ios-sdk" */;
			productName = FirebasePerformance;
		};
		A2D4FB5D2AEC8C16001326A8 /* FirebaseRemoteConfig */ = {
			isa = XCSwiftPackageProductDependency;
			package = A2027C602AB2DDB800BA5391 /* XCRemoteSwiftPackageReference "firebase-ios-sdk" */;
			productName = FirebaseRemoteConfig;
		};
		A2D4FB5F2AEC8C16001326A8 /* FirebaseRemoteConfigSwift */ = {
			isa = XCSwiftPackageProductDependency;
			package = A2027C602AB2DDB800BA5391 /* XCRemoteSwiftPackageReference "firebase-ios-sdk" */;
			productName = FirebaseRemoteConfigSwift;
		};
		A2D4FB612AEC8C16001326A8 /* FirebaseStorage */ = {
			isa = XCSwiftPackageProductDependency;
			package = A2027C602AB2DDB800BA5391 /* XCRemoteSwiftPackageReference "firebase-ios-sdk" */;
			productName = FirebaseStorage;
		};
		A2D4FB632AEC8C16001326A8 /* FirebaseStorageCombine-Community */ = {
			isa = XCSwiftPackageProductDependency;
			package = A2027C602AB2DDB800BA5391 /* XCRemoteSwiftPackageReference "firebase-ios-sdk" */;
			productName = "FirebaseStorageCombine-Community";
		};
/* End XCSwiftPackageProductDependency section */
	};
	rootObject = 003803CA2AA968E2000BB3B1 /* Project object */;
}
