// !$*UTF8*$!
{
	archiveVersion = 1;
	classes = {
	};
	objectVersion = 56;
	objects = {

/* Begin PBXBuildFile section */
		003803D62AA968E2000BB3B1 /* COMP90018_APPApp.swift in Sources */ = {isa = PBXBuildFile; fileRef = 003803D52AA968E2000BB3B1 /* COMP90018_APPApp.swift */; };
		003803DA2AA968E5000BB3B1 /* Assets.xcassets in Resources */ = {isa = PBXBuildFile; fileRef = 003803D92AA968E5000BB3B1 /* Assets.xcassets */; };
		003803DD2AA968E5000BB3B1 /* Preview Assets.xcassets in Resources */ = {isa = PBXBuildFile; fileRef = 003803DC2AA968E5000BB3B1 /* Preview Assets.xcassets */; };
		2DE1A5B72AB2C1A3000A2551 /* WelcomView.swift in Sources */ = {isa = PBXBuildFile; fileRef = 2DE1A5B62AB2C1A3000A2551 /* WelcomView.swift */; };
		2DE1A5B92AB2C25D000A2551 /* PostsView.swift in Sources */ = {isa = PBXBuildFile; fileRef = 2DE1A5B82AB2C25D000A2551 /* PostsView.swift */; };
		2DE1A5BB2AB2C26E000A2551 /* ShakeView.swift in Sources */ = {isa = PBXBuildFile; fileRef = 2DE1A5BA2AB2C26E000A2551 /* ShakeView.swift */; };
		2DE1A5BD2AB2C297000A2551 /* SignView.swift in Sources */ = {isa = PBXBuildFile; fileRef = 2DE1A5BC2AB2C297000A2551 /* SignView.swift */; };
		2DE1A5BF2AB2C2D7000A2551 /* ProfileView.swift in Sources */ = {isa = PBXBuildFile; fileRef = 2DE1A5BE2AB2C2D7000A2551 /* ProfileView.swift */; };
		2DE1A5C12AB2C2EE000A2551 /* ProfileSetttingView.swift in Sources */ = {isa = PBXBuildFile; fileRef = 2DE1A5C02AB2C2EE000A2551 /* ProfileSetttingView.swift */; };
		2DE1A5C32AB2C562000A2551 /* SinglePostView.swift in Sources */ = {isa = PBXBuildFile; fileRef = 2DE1A5C22AB2C562000A2551 /* SinglePostView.swift */; };
		2DE1A5C52AB2CA68000A2551 /* TabMainView.swift in Sources */ = {isa = PBXBuildFile; fileRef = 2DE1A5C42AB2CA68000A2551 /* TabMainView.swift */; };
		2DE1A5C72AB2CC0F000A2551 /* AddPostView.swift in Sources */ = {isa = PBXBuildFile; fileRef = 2DE1A5C62AB2CC0F000A2551 /* AddPostView.swift */; };
		A2027C622AB2DDB800BA5391 /* FirebaseAuth in Frameworks */ = {isa = PBXBuildFile; productRef = A2027C612AB2DDB800BA5391 /* FirebaseAuth */; };
		A2027C642AB2DDB800BA5391 /* FirebaseDatabaseSwift in Frameworks */ = {isa = PBXBuildFile; productRef = A2027C632AB2DDB800BA5391 /* FirebaseDatabaseSwift */; };
		A2027C662AB2DDB800BA5391 /* FirebaseFirestore in Frameworks */ = {isa = PBXBuildFile; productRef = A2027C652AB2DDB800BA5391 /* FirebaseFirestore */; };
		A2027C682AB2DDB800BA5391 /* FirebaseStorage in Frameworks */ = {isa = PBXBuildFile; productRef = A2027C672AB2DDB800BA5391 /* FirebaseStorage */; };
		A2027C6B2AB2DDED00BA5391 /* Kingfisher in Frameworks */ = {isa = PBXBuildFile; productRef = A2027C6A2AB2DDED00BA5391 /* Kingfisher */; };
		A2027C6D2AB2DEFF00BA5391 /* GoogleService-Info.plist in Resources */ = {isa = PBXBuildFile; fileRef = A2027C6C2AB2DEFF00BA5391 /* GoogleService-Info.plist */; };
		A2027C772AB2E3F300BA5391 /* SUImagePickerView.swift in Sources */ = {isa = PBXBuildFile; fileRef = A2027C762AB2E3F300BA5391 /* SUImagePickerView.swift */; };
		A2027C962AB2FA4800BA5391 /* FirebaseManager.swift in Sources */ = {isa = PBXBuildFile; fileRef = A2027C952AB2FA4800BA5391 /* FirebaseManager.swift */; };
		A2027C982AB2FE1B00BA5391 /* LocationManager.swift in Sources */ = {isa = PBXBuildFile; fileRef = A2027C972AB2FE1B00BA5391 /* LocationManager.swift */; };
		A2027C9A2AB3014F00BA5391 /* PostModel.swift in Sources */ = {isa = PBXBuildFile; fileRef = A2027C992AB3014F00BA5391 /* PostModel.swift */; };
		A2027C9C2AB304A100BA5391 /* UserModel.swift in Sources */ = {isa = PBXBuildFile; fileRef = A2027C9B2AB304A100BA5391 /* UserModel.swift */; };
		A2027CCD2AB42B6400BA5391 /* CommentModel.swift in Sources */ = {isa = PBXBuildFile; fileRef = A2027CCC2AB42B6400BA5391 /* CommentModel.swift */; };
/* End PBXBuildFile section */

/* Begin PBXFileReference section */
		003803D22AA968E2000BB3B1 /* COMP90018_APP.app */ = {isa = PBXFileReference; explicitFileType = wrapper.application; includeInIndex = 0; path = COMP90018_APP.app; sourceTree = BUILT_PRODUCTS_DIR; };
		003803D52AA968E2000BB3B1 /* COMP90018_APPApp.swift */ = {isa = PBXFileReference; lastKnownFileType = sourcecode.swift; path = COMP90018_APPApp.swift; sourceTree = "<group>"; };
		003803D92AA968E5000BB3B1 /* Assets.xcassets */ = {isa = PBXFileReference; lastKnownFileType = folder.assetcatalog; path = Assets.xcassets; sourceTree = "<group>"; };
		003803DC2AA968E5000BB3B1 /* Preview Assets.xcassets */ = {isa = PBXFileReference; lastKnownFileType = folder.assetcatalog; path = "Preview Assets.xcassets"; sourceTree = "<group>"; };
		2DE1A5B62AB2C1A3000A2551 /* WelcomView.swift */ = {isa = PBXFileReference; lastKnownFileType = sourcecode.swift; path = WelcomView.swift; sourceTree = "<group>"; };
		2DE1A5B82AB2C25D000A2551 /* PostsView.swift */ = {isa = PBXFileReference; lastKnownFileType = sourcecode.swift; path = PostsView.swift; sourceTree = "<group>"; };
		2DE1A5BA2AB2C26E000A2551 /* ShakeView.swift */ = {isa = PBXFileReference; lastKnownFileType = sourcecode.swift; path = ShakeView.swift; sourceTree = "<group>"; };
		2DE1A5BC2AB2C297000A2551 /* SignView.swift */ = {isa = PBXFileReference; lastKnownFileType = sourcecode.swift; path = SignView.swift; sourceTree = "<group>"; };
		2DE1A5BE2AB2C2D7000A2551 /* ProfileView.swift */ = {isa = PBXFileReference; lastKnownFileType = sourcecode.swift; path = ProfileView.swift; sourceTree = "<group>"; };
		2DE1A5C02AB2C2EE000A2551 /* ProfileSetttingView.swift */ = {isa = PBXFileReference; lastKnownFileType = sourcecode.swift; path = ProfileSetttingView.swift; sourceTree = "<group>"; };
		2DE1A5C22AB2C562000A2551 /* SinglePostView.swift */ = {isa = PBXFileReference; lastKnownFileType = sourcecode.swift; path = SinglePostView.swift; sourceTree = "<group>"; };
		2DE1A5C42AB2CA68000A2551 /* TabMainView.swift */ = {isa = PBXFileReference; lastKnownFileType = sourcecode.swift; path = TabMainView.swift; sourceTree = "<group>"; };
		2DE1A5C62AB2CC0F000A2551 /* AddPostView.swift */ = {isa = PBXFileReference; lastKnownFileType = sourcecode.swift; path = AddPostView.swift; sourceTree = "<group>"; };
		A2027C6C2AB2DEFF00BA5391 /* GoogleService-Info.plist */ = {isa = PBXFileReference; fileEncoding = 4; lastKnownFileType = text.plist.xml; name = "GoogleService-Info.plist"; path = "../../../../../Downloads/GoogleService-Info.plist"; sourceTree = "<group>"; };
		A2027C762AB2E3F300BA5391 /* SUImagePickerView.swift */ = {isa = PBXFileReference; lastKnownFileType = sourcecode.swift; path = SUImagePickerView.swift; sourceTree = "<group>"; };
		A2027C782AB2E8AF00BA5391 /* COMP90018-APP-Info.plist */ = {isa = PBXFileReference; lastKnownFileType = text.plist; path = "COMP90018-APP-Info.plist"; sourceTree = SOURCE_ROOT; };
		A2027C952AB2FA4800BA5391 /* FirebaseManager.swift */ = {isa = PBXFileReference; lastKnownFileType = sourcecode.swift; path = FirebaseManager.swift; sourceTree = "<group>"; };
		A2027C972AB2FE1B00BA5391 /* LocationManager.swift */ = {isa = PBXFileReference; lastKnownFileType = sourcecode.swift; path = LocationManager.swift; sourceTree = "<group>"; };
		A2027C992AB3014F00BA5391 /* PostModel.swift */ = {isa = PBXFileReference; lastKnownFileType = sourcecode.swift; path = PostModel.swift; sourceTree = "<group>"; };
		A2027C9B2AB304A100BA5391 /* UserModel.swift */ = {isa = PBXFileReference; lastKnownFileType = sourcecode.swift; path = UserModel.swift; sourceTree = "<group>"; };
		A2027CCC2AB42B6400BA5391 /* CommentModel.swift */ = {isa = PBXFileReference; lastKnownFileType = sourcecode.swift; path = CommentModel.swift; sourceTree = "<group>"; };
/* End PBXFileReference section */

/* Begin PBXFrameworksBuildPhase section */
		003803CF2AA968E2000BB3B1 /* Frameworks */ = {
			isa = PBXFrameworksBuildPhase;
			buildActionMask = 2147483647;
			files = (
				A2027C642AB2DDB800BA5391 /* FirebaseDatabaseSwift in Frameworks */,
				A2027C682AB2DDB800BA5391 /* FirebaseStorage in Frameworks */,
				A2027C622AB2DDB800BA5391 /* FirebaseAuth in Frameworks */,
				A2027C662AB2DDB800BA5391 /* FirebaseFirestore in Frameworks */,
				A2027C6B2AB2DDED00BA5391 /* Kingfisher in Frameworks */,
			);
			runOnlyForDeploymentPostprocessing = 0;
		};
/* End PBXFrameworksBuildPhase section */

/* Begin PBXGroup section */
		003803C92AA968E2000BB3B1 = {
			isa = PBXGroup;
			children = (
				003803D42AA968E2000BB3B1 /* COMP90018_APP */,
				003803D32AA968E2000BB3B1 /* Products */,
			);
			sourceTree = "<group>";
		};
		003803D32AA968E2000BB3B1 /* Products */ = {
			isa = PBXGroup;
			children = (
				003803D22AA968E2000BB3B1 /* COMP90018_APP.app */,
			);
			name = Products;
			sourceTree = "<group>";
		};
		003803D42AA968E2000BB3B1 /* COMP90018_APP */ = {
			isa = PBXGroup;
			children = (
				A2027C782AB2E8AF00BA5391 /* COMP90018-APP-Info.plist */,
				003803D52AA968E2000BB3B1 /* COMP90018_APPApp.swift */,
				A2027C6C2AB2DEFF00BA5391 /* GoogleService-Info.plist */,
				A2027C752AB2E3DF00BA5391 /* Models */,
				A2027C742AB2E39000BA5391 /* Utilities */,
				2DE1A5B32AB2C04D000A2551 /* Views */,
				003803D92AA968E5000BB3B1 /* Assets.xcassets */,
				003803DB2AA968E5000BB3B1 /* Preview Content */,
			);
			path = COMP90018_APP;
			sourceTree = "<group>";
		};
		003803DB2AA968E5000BB3B1 /* Preview Content */ = {
			isa = PBXGroup;
			children = (
				003803DC2AA968E5000BB3B1 /* Preview Assets.xcassets */,
			);
			path = "Preview Content";
			sourceTree = "<group>";
		};
		2DE1A5B32AB2C04D000A2551 /* Views */ = {
			isa = PBXGroup;
			children = (
				2DE1A5B62AB2C1A3000A2551 /* WelcomView.swift */,
				2DE1A5B82AB2C25D000A2551 /* PostsView.swift */,
				2DE1A5BA2AB2C26E000A2551 /* ShakeView.swift */,
				2DE1A5BC2AB2C297000A2551 /* SignView.swift */,
				2DE1A5BE2AB2C2D7000A2551 /* ProfileView.swift */,
				2DE1A5C02AB2C2EE000A2551 /* ProfileSetttingView.swift */,
				2DE1A5C22AB2C562000A2551 /* SinglePostView.swift */,
				2DE1A5C42AB2CA68000A2551 /* TabMainView.swift */,
				2DE1A5C62AB2CC0F000A2551 /* AddPostView.swift */,
			);
			path = Views;
			sourceTree = "<group>";
		};
		A2027C742AB2E39000BA5391 /* Utilities */ = {
			isa = PBXGroup;
			children = (
				A2027C762AB2E3F300BA5391 /* SUImagePickerView.swift */,
				A2027C952AB2FA4800BA5391 /* FirebaseManager.swift */,
				A2027C972AB2FE1B00BA5391 /* LocationManager.swift */,
			);
			path = Utilities;
			sourceTree = "<group>";
		};
		A2027C752AB2E3DF00BA5391 /* Models */ = {
			isa = PBXGroup;
			children = (
				A2027C992AB3014F00BA5391 /* PostModel.swift */,
				A2027C9B2AB304A100BA5391 /* UserModel.swift */,
				A2027CCC2AB42B6400BA5391 /* CommentModel.swift */,
			);
			path = Models;
			sourceTree = "<group>";
		};
/* End PBXGroup section */

/* Begin PBXNativeTarget section */
		003803D12AA968E2000BB3B1 /* COMP90018_APP */ = {
			isa = PBXNativeTarget;
			buildConfigurationList = 003803E02AA968E5000BB3B1 /* Build configuration list for PBXNativeTarget "COMP90018_APP" */;
			buildPhases = (
				003803CE2AA968E2000BB3B1 /* Sources */,
				003803CF2AA968E2000BB3B1 /* Frameworks */,
				003803D02AA968E2000BB3B1 /* Resources */,
			);
			buildRules = (
			);
			dependencies = (
			);
			name = COMP90018_APP;
			packageProductDependencies = (
				A2027C612AB2DDB800BA5391 /* FirebaseAuth */,
				A2027C632AB2DDB800BA5391 /* FirebaseDatabaseSwift */,
				A2027C652AB2DDB800BA5391 /* FirebaseFirestore */,
				A2027C672AB2DDB800BA5391 /* FirebaseStorage */,
				A2027C6A2AB2DDED00BA5391 /* Kingfisher */,
			);
			productName = COMP90018_APP;
			productReference = 003803D22AA968E2000BB3B1 /* COMP90018_APP.app */;
			productType = "com.apple.product-type.application";
		};
/* End PBXNativeTarget section */

/* Begin PBXProject section */
		003803CA2AA968E2000BB3B1 /* Project object */ = {
			isa = PBXProject;
			attributes = {
				BuildIndependentTargetsInParallel = 1;
				LastSwiftUpdateCheck = 1430;
				LastUpgradeCheck = 1430;
				TargetAttributes = {
					003803D12AA968E2000BB3B1 = {
						CreatedOnToolsVersion = 14.3.1;
					};
				};
			};
			buildConfigurationList = 003803CD2AA968E2000BB3B1 /* Build configuration list for PBXProject "COMP90018_APP" */;
			compatibilityVersion = "Xcode 14.0";
			developmentRegion = en;
			hasScannedForEncodings = 0;
			knownRegions = (
				en,
				Base,
			);
			mainGroup = 003803C92AA968E2000BB3B1;
			packageReferences = (
				A2027C602AB2DDB800BA5391 /* XCRemoteSwiftPackageReference "firebase-ios-sdk" */,
				A2027C692AB2DDED00BA5391 /* XCRemoteSwiftPackageReference "Kingfisher" */,
			);
			productRefGroup = 003803D32AA968E2000BB3B1 /* Products */;
			projectDirPath = "";
			projectRoot = "";
			targets = (
				003803D12AA968E2000BB3B1 /* COMP90018_APP */,
			);
		};
/* End PBXProject section */

/* Begin PBXResourcesBuildPhase section */
		003803D02AA968E2000BB3B1 /* Resources */ = {
			isa = PBXResourcesBuildPhase;
			buildActionMask = 2147483647;
			files = (
				003803DD2AA968E5000BB3B1 /* Preview Assets.xcassets in Resources */,
				003803DA2AA968E5000BB3B1 /* Assets.xcassets in Resources */,
				A2027C6D2AB2DEFF00BA5391 /* GoogleService-Info.plist in Resources */,
			);
			runOnlyForDeploymentPostprocessing = 0;
		};
/* End PBXResourcesBuildPhase section */

/* Begin PBXSourcesBuildPhase section */
		003803CE2AA968E2000BB3B1 /* Sources */ = {
			isa = PBXSourcesBuildPhase;
			buildActionMask = 2147483647;
			files = (
				A2027C962AB2FA4800BA5391 /* FirebaseManager.swift in Sources */,
				A2027CCD2AB42B6400BA5391 /* CommentModel.swift in Sources */,
				003803D62AA968E2000BB3B1 /* COMP90018_APPApp.swift in Sources */,
				2DE1A5C12AB2C2EE000A2551 /* ProfileSetttingView.swift in Sources */,
				A2027C9A2AB3014F00BA5391 /* PostModel.swift in Sources */,
				2DE1A5C32AB2C562000A2551 /* SinglePostView.swift in Sources */,
				2DE1A5BD2AB2C297000A2551 /* SignView.swift in Sources */,
				2DE1A5C72AB2CC0F000A2551 /* AddPostView.swift in Sources */,
				2DE1A5BB2AB2C26E000A2551 /* ShakeView.swift in Sources */,
				2DE1A5B72AB2C1A3000A2551 /* WelcomView.swift in Sources */,
				A2027C772AB2E3F300BA5391 /* SUImagePickerView.swift in Sources */,
				2DE1A5BF2AB2C2D7000A2551 /* ProfileView.swift in Sources */,
				2DE1A5C52AB2CA68000A2551 /* TabMainView.swift in Sources */,
				2DE1A5B92AB2C25D000A2551 /* PostsView.swift in Sources */,
				A2027C9C2AB304A100BA5391 /* UserModel.swift in Sources */,
				A2027C982AB2FE1B00BA5391 /* LocationManager.swift in Sources */,
			);
			runOnlyForDeploymentPostprocessing = 0;
		};
/* End PBXSourcesBuildPhase section */

/* Begin XCBuildConfiguration section */
		003803DE2AA968E5000BB3B1 /* Debug */ = {
			isa = XCBuildConfiguration;
			buildSettings = {
				ALWAYS_SEARCH_USER_PATHS = NO;
				CLANG_ANALYZER_NONNULL = YES;
				CLANG_ANALYZER_NUMBER_OBJECT_CONVERSION = YES_AGGRESSIVE;
				CLANG_CXX_LANGUAGE_STANDARD = "gnu++20";
				CLANG_ENABLE_MODULES = YES;
				CLANG_ENABLE_OBJC_ARC = YES;
				CLANG_ENABLE_OBJC_WEAK = YES;
				CLANG_WARN_BLOCK_CAPTURE_AUTORELEASING = YES;
				CLANG_WARN_BOOL_CONVERSION = YES;
				CLANG_WARN_COMMA = YES;
				CLANG_WARN_CONSTANT_CONVERSION = YES;
				CLANG_WARN_DEPRECATED_OBJC_IMPLEMENTATIONS = YES;
				CLANG_WARN_DIRECT_OBJC_ISA_USAGE = YES_ERROR;
				CLANG_WARN_DOCUMENTATION_COMMENTS = YES;
				CLANG_WARN_EMPTY_BODY = YES;
				CLANG_WARN_ENUM_CONVERSION = YES;
				CLANG_WARN_INFINITE_RECURSION = YES;
				CLANG_WARN_INT_CONVERSION = YES;
				CLANG_WARN_NON_LITERAL_NULL_CONVERSION = YES;
				CLANG_WARN_OBJC_IMPLICIT_RETAIN_SELF = YES;
				CLANG_WARN_OBJC_LITERAL_CONVERSION = YES;
				CLANG_WARN_OBJC_ROOT_CLASS = YES_ERROR;
				CLANG_WARN_QUOTED_INCLUDE_IN_FRAMEWORK_HEADER = YES;
				CLANG_WARN_RANGE_LOOP_ANALYSIS = YES;
				CLANG_WARN_STRICT_PROTOTYPES = YES;
				CLANG_WARN_SUSPICIOUS_MOVE = YES;
				CLANG_WARN_UNGUARDED_AVAILABILITY = YES_AGGRESSIVE;
				CLANG_WARN_UNREACHABLE_CODE = YES;
				CLANG_WARN__DUPLICATE_METHOD_MATCH = YES;
				COPY_PHASE_STRIP = NO;
				DEBUG_INFORMATION_FORMAT = dwarf;
				ENABLE_STRICT_OBJC_MSGSEND = YES;
				ENABLE_TESTABILITY = YES;
				GCC_C_LANGUAGE_STANDARD = gnu11;
				GCC_DYNAMIC_NO_PIC = NO;
				GCC_NO_COMMON_BLOCKS = YES;
				GCC_OPTIMIZATION_LEVEL = 0;
				GCC_PREPROCESSOR_DEFINITIONS = (
					"DEBUG=1",
					"$(inherited)",
				);
				GCC_WARN_64_TO_32_BIT_CONVERSION = YES;
				GCC_WARN_ABOUT_RETURN_TYPE = YES_ERROR;
				GCC_WARN_UNDECLARED_SELECTOR = YES;
				GCC_WARN_UNINITIALIZED_AUTOS = YES_AGGRESSIVE;
				GCC_WARN_UNUSED_FUNCTION = YES;
				GCC_WARN_UNUSED_VARIABLE = YES;
				IPHONEOS_DEPLOYMENT_TARGET = 16.4;
				MTL_ENABLE_DEBUG_INFO = INCLUDE_SOURCE;
				MTL_FAST_MATH = YES;
				ONLY_ACTIVE_ARCH = YES;
				SDKROOT = iphoneos;
				SWIFT_ACTIVE_COMPILATION_CONDITIONS = DEBUG;
				SWIFT_OPTIMIZATION_LEVEL = "-Onone";
			};
			name = Debug;
		};
		003803DF2AA968E5000BB3B1 /* Release */ = {
			isa = XCBuildConfiguration;
			buildSettings = {
				ALWAYS_SEARCH_USER_PATHS = NO;
				CLANG_ANALYZER_NONNULL = YES;
				CLANG_ANALYZER_NUMBER_OBJECT_CONVERSION = YES_AGGRESSIVE;
				CLANG_CXX_LANGUAGE_STANDARD = "gnu++20";
				CLANG_ENABLE_MODULES = YES;
				CLANG_ENABLE_OBJC_ARC = YES;
				CLANG_ENABLE_OBJC_WEAK = YES;
				CLANG_WARN_BLOCK_CAPTURE_AUTORELEASING = YES;
				CLANG_WARN_BOOL_CONVERSION = YES;
				CLANG_WARN_COMMA = YES;
				CLANG_WARN_CONSTANT_CONVERSION = YES;
				CLANG_WARN_DEPRECATED_OBJC_IMPLEMENTATIONS = YES;
				CLANG_WARN_DIRECT_OBJC_ISA_USAGE = YES_ERROR;
				CLANG_WARN_DOCUMENTATION_COMMENTS = YES;
				CLANG_WARN_EMPTY_BODY = YES;
				CLANG_WARN_ENUM_CONVERSION = YES;
				CLANG_WARN_INFINITE_RECURSION = YES;
				CLANG_WARN_INT_CONVERSION = YES;
				CLANG_WARN_NON_LITERAL_NULL_CONVERSION = YES;
				CLANG_WARN_OBJC_IMPLICIT_RETAIN_SELF = YES;
				CLANG_WARN_OBJC_LITERAL_CONVERSION = YES;
				CLANG_WARN_OBJC_ROOT_CLASS = YES_ERROR;
				CLANG_WARN_QUOTED_INCLUDE_IN_FRAMEWORK_HEADER = YES;
				CLANG_WARN_RANGE_LOOP_ANALYSIS = YES;
				CLANG_WARN_STRICT_PROTOTYPES = YES;
				CLANG_WARN_SUSPICIOUS_MOVE = YES;
				CLANG_WARN_UNGUARDED_AVAILABILITY = YES_AGGRESSIVE;
				CLANG_WARN_UNREACHABLE_CODE = YES;
				CLANG_WARN__DUPLICATE_METHOD_MATCH = YES;
				COPY_PHASE_STRIP = NO;
				DEBUG_INFORMATION_FORMAT = "dwarf-with-dsym";
				ENABLE_NS_ASSERTIONS = NO;
				ENABLE_STRICT_OBJC_MSGSEND = YES;
				GCC_C_LANGUAGE_STANDARD = gnu11;
				GCC_NO_COMMON_BLOCKS = YES;
				GCC_WARN_64_TO_32_BIT_CONVERSION = YES;
				GCC_WARN_ABOUT_RETURN_TYPE = YES_ERROR;
				GCC_WARN_UNDECLARED_SELECTOR = YES;
				GCC_WARN_UNINITIALIZED_AUTOS = YES_AGGRESSIVE;
				GCC_WARN_UNUSED_FUNCTION = YES;
				GCC_WARN_UNUSED_VARIABLE = YES;
				IPHONEOS_DEPLOYMENT_TARGET = 16.4;
				MTL_ENABLE_DEBUG_INFO = NO;
				MTL_FAST_MATH = YES;
				SDKROOT = iphoneos;
				SWIFT_COMPILATION_MODE = wholemodule;
				SWIFT_OPTIMIZATION_LEVEL = "-O";
				VALIDATE_PRODUCT = YES;
			};
			name = Release;
		};
		003803E12AA968E5000BB3B1 /* Debug */ = {
			isa = XCBuildConfiguration;
			buildSettings = {
				ASSETCATALOG_COMPILER_APPICON_NAME = AppIcon;
				ASSETCATALOG_COMPILER_GLOBAL_ACCENT_COLOR_NAME = AccentColor;
				CODE_SIGN_STYLE = Automatic;
				CURRENT_PROJECT_VERSION = 1;
				DEVELOPMENT_ASSET_PATHS = "\"COMP90018_APP/Preview Content\"";
				DEVELOPMENT_TEAM = NZ3P6V45UB;
				ENABLE_PREVIEWS = YES;
				GENERATE_INFOPLIST_FILE = YES;
				INFOPLIST_FILE = "COMP90018-APP-Info.plist";
				INFOPLIST_KEY_NSCameraUsageDescription = "I want to access your camera?";
				INFOPLIST_KEY_NSLocationWhenInUseUsageDescription = "Record your location";
				INFOPLIST_KEY_NSPhotoLibraryAddUsageDescription = "Add to your photos!";
				INFOPLIST_KEY_NSPhotoLibraryUsageDescription = "Use your photos!";
				INFOPLIST_KEY_UIApplicationSceneManifest_Generation = YES;
				INFOPLIST_KEY_UIApplicationSupportsIndirectInputEvents = YES;
				INFOPLIST_KEY_UILaunchScreen_Generation = YES;
				INFOPLIST_KEY_UISupportedInterfaceOrientations_iPad = "UIInterfaceOrientationPortrait UIInterfaceOrientationPortraitUpsideDown UIInterfaceOrientationLandscapeLeft UIInterfaceOrientationLandscapeRight";
				INFOPLIST_KEY_UISupportedInterfaceOrientations_iPhone = "UIInterfaceOrientationPortrait UIInterfaceOrientationLandscapeLeft UIInterfaceOrientationLandscapeRight";
				LD_RUNPATH_SEARCH_PATHS = (
					"$(inherited)",
					"@executable_path/Frameworks",
				);
				MARKETING_VERSION = 1.0;
				PRODUCT_BUNDLE_IDENTIFIER = "COMP90018.COMP90018-APP";
				PRODUCT_NAME = "$(TARGET_NAME)";
				SWIFT_EMIT_LOC_STRINGS = YES;
				SWIFT_VERSION = 5.0;
				TARGETED_DEVICE_FAMILY = "1,2";
			};
			name = Debug;
		};
		003803E22AA968E5000BB3B1 /* Release */ = {
			isa = XCBuildConfiguration;
			buildSettings = {
				ASSETCATALOG_COMPILER_APPICON_NAME = AppIcon;
				ASSETCATALOG_COMPILER_GLOBAL_ACCENT_COLOR_NAME = AccentColor;
				CODE_SIGN_STYLE = Automatic;
				CURRENT_PROJECT_VERSION = 1;
				DEVELOPMENT_ASSET_PATHS = "\"COMP90018_APP/Preview Content\"";
				DEVELOPMENT_TEAM = NZ3P6V45UB;
				ENABLE_PREVIEWS = YES;
				GENERATE_INFOPLIST_FILE = YES;
				INFOPLIST_FILE = "COMP90018-APP-Info.plist";
				INFOPLIST_KEY_NSCameraUsageDescription = "I want to access your camera?";
				INFOPLIST_KEY_NSLocationWhenInUseUsageDescription = "Record your location";
				INFOPLIST_KEY_NSPhotoLibraryAddUsageDescription = "Add to your photos!";
				INFOPLIST_KEY_NSPhotoLibraryUsageDescription = "Use your photos!";
				INFOPLIST_KEY_UIApplicationSceneManifest_Generation = YES;
				INFOPLIST_KEY_UIApplicationSupportsIndirectInputEvents = YES;
				INFOPLIST_KEY_UILaunchScreen_Generation = YES;
				INFOPLIST_KEY_UISupportedInterfaceOrientations_iPad = "UIInterfaceOrientationPortrait UIInterfaceOrientationPortraitUpsideDown UIInterfaceOrientationLandscapeLeft UIInterfaceOrientationLandscapeRight";
				INFOPLIST_KEY_UISupportedInterfaceOrientations_iPhone = "UIInterfaceOrientationPortrait UIInterfaceOrientationLandscapeLeft UIInterfaceOrientationLandscapeRight";
				LD_RUNPATH_SEARCH_PATHS = (
					"$(inherited)",
					"@executable_path/Frameworks",
				);
				MARKETING_VERSION = 1.0;
				PRODUCT_BUNDLE_IDENTIFIER = "COMP90018.COMP90018-APP";
				PRODUCT_NAME = "$(TARGET_NAME)";
				SWIFT_EMIT_LOC_STRINGS = YES;
				SWIFT_VERSION = 5.0;
				TARGETED_DEVICE_FAMILY = "1,2";
			};
			name = Release;
		};
/* End XCBuildConfiguration section */

/* Begin XCConfigurationList section */
		003803CD2AA968E2000BB3B1 /* Build configuration list for PBXProject "COMP90018_APP" */ = {
			isa = XCConfigurationList;
			buildConfigurations = (
				003803DE2AA968E5000BB3B1 /* Debug */,
				003803DF2AA968E5000BB3B1 /* Release */,
			);
			defaultConfigurationIsVisible = 0;
			defaultConfigurationName = Release;
		};
		003803E02AA968E5000BB3B1 /* Build configuration list for PBXNativeTarget "COMP90018_APP" */ = {
			isa = XCConfigurationList;
			buildConfigurations = (
				003803E12AA968E5000BB3B1 /* Debug */,
				003803E22AA968E5000BB3B1 /* Release */,
			);
			defaultConfigurationIsVisible = 0;
			defaultConfigurationName = Release;
		};
/* End XCConfigurationList section */

/* Begin XCRemoteSwiftPackageReference section */
		A2027C602AB2DDB800BA5391 /* XCRemoteSwiftPackageReference "firebase-ios-sdk" */ = {
			isa = XCRemoteSwiftPackageReference;
			repositoryURL = "https://github.com/firebase/firebase-ios-sdk.git";
			requirement = {
				kind = upToNextMajorVersion;
				minimumVersion = 10.0.0;
			};
		};
		A2027C692AB2DDED00BA5391 /* XCRemoteSwiftPackageReference "Kingfisher" */ = {
			isa = XCRemoteSwiftPackageReference;
			repositoryURL = "https://github.com/onevcat/Kingfisher.git";
			requirement = {
				kind = upToNextMajorVersion;
				minimumVersion = 7.0.0;
			};
		};
/* End XCRemoteSwiftPackageReference section */

/* Begin XCSwiftPackageProductDependency section */
		A2027C612AB2DDB800BA5391 /* FirebaseAuth */ = {
			isa = XCSwiftPackageProductDependency;
			package = A2027C602AB2DDB800BA5391 /* XCRemoteSwiftPackageReference "firebase-ios-sdk" */;
			productName = FirebaseAuth;
		};
		A2027C632AB2DDB800BA5391 /* FirebaseDatabaseSwift */ = {
			isa = XCSwiftPackageProductDependency;
			package = A2027C602AB2DDB800BA5391 /* XCRemoteSwiftPackageReference "firebase-ios-sdk" */;
			productName = FirebaseDatabaseSwift;
		};
		A2027C652AB2DDB800BA5391 /* FirebaseFirestore */ = {
			isa = XCSwiftPackageProductDependency;
			package = A2027C602AB2DDB800BA5391 /* XCRemoteSwiftPackageReference "firebase-ios-sdk" */;
			productName = FirebaseFirestore;
		};
		A2027C672AB2DDB800BA5391 /* FirebaseStorage */ = {
			isa = XCSwiftPackageProductDependency;
			package = A2027C602AB2DDB800BA5391 /* XCRemoteSwiftPackageReference "firebase-ios-sdk" */;
			productName = FirebaseStorage;
		};
		A2027C6A2AB2DDED00BA5391 /* Kingfisher */ = {
			isa = XCSwiftPackageProductDependency;
			package = A2027C692AB2DDED00BA5391 /* XCRemoteSwiftPackageReference "Kingfisher" */;
			productName = Kingfisher;
		};
/* End XCSwiftPackageProductDependency section */
	};
	rootObject = 003803CA2AA968E2000BB3B1 /* Project object */;
}
